// !$*UTF8*$!
{
	archiveVersion = 1;
	classes = {
	};
	objectVersion = 46;
	objects = {

/* Begin PBXBuildFile section */
		880D5A5818B998FE00A7AAA6 /* Cocoa.framework in Frameworks */ = {isa = PBXBuildFile; fileRef = 8884947418063DDA00477836 /* Cocoa.framework */; };
		880D5A8718B9993000A7AAA6 /* FRZStore.m in Sources */ = {isa = PBXBuildFile; fileRef = 8884953818063F4000477836 /* FRZStore.m */; };
		880D5A8818B9993000A7AAA6 /* FRZDatabase.m in Sources */ = {isa = PBXBuildFile; fileRef = 8884953B18063F4600477836 /* FRZDatabase.m */; };
		880D5A8918B9993000A7AAA6 /* FRZTransactor.m in Sources */ = {isa = PBXBuildFile; fileRef = 8884953E18063F5300477836 /* FRZTransactor.m */; };
		880D5A8B18B9993000A7AAA6 /* FRZChange.m in Sources */ = {isa = PBXBuildFile; fileRef = 88B3F8ED182AE14B00C0415E /* FRZChange.m */; };
		880D5A8C18B9993000A7AAA6 /* FRZQuery.m in Sources */ = {isa = PBXBuildFile; fileRef = 88287C9F186E78CA0085B2D2 /* FRZQuery.m */; };
		880D5A9118B9997400A7AAA6 /* Freezer.h in Headers */ = {isa = PBXBuildFile; fileRef = 88FD30A7182B25A8004CFDD4 /* Freezer.h */; settings = {ATTRIBUTES = (Public, ); }; };
		880D5A9218B9997400A7AAA6 /* FRZStore.h in Headers */ = {isa = PBXBuildFile; fileRef = 8884953718063F4000477836 /* FRZStore.h */; settings = {ATTRIBUTES = (Public, ); }; };
		880D5A9318B9997400A7AAA6 /* FRZDatabase.h in Headers */ = {isa = PBXBuildFile; fileRef = 8884953A18063F4600477836 /* FRZDatabase.h */; settings = {ATTRIBUTES = (Public, ); }; };
		880D5A9418B9997400A7AAA6 /* FRZTransactor.h in Headers */ = {isa = PBXBuildFile; fileRef = 8884953D18063F5300477836 /* FRZTransactor.h */; settings = {ATTRIBUTES = (Public, ); }; };
		880D5A9618B9997400A7AAA6 /* FRZChange.h in Headers */ = {isa = PBXBuildFile; fileRef = 88B3F8EC182AE14B00C0415E /* FRZChange.h */; settings = {ATTRIBUTES = (Public, ); }; };
		880D5A9718B9997400A7AAA6 /* FRZQuery.h in Headers */ = {isa = PBXBuildFile; fileRef = 88287C9E186E78CA0085B2D2 /* FRZQuery.h */; settings = {ATTRIBUTES = (Public, ); }; };
		880D5B3918B99E7400A7AAA6 /* .gitignore in Resources */ = {isa = PBXBuildFile; fileRef = 880D5B1F18B99E7400A7AAA6 /* .gitignore */; };
		880D5B3A18B99E7400A7AAA6 /* CHANGES_AND_TODO_LIST.txt in Resources */ = {isa = PBXBuildFile; fileRef = 880D5B2018B99E7400A7AAA6 /* CHANGES_AND_TODO_LIST.txt */; };
		880D5B3B18B99E7400A7AAA6 /* CONTRIBUTORS.txt in Resources */ = {isa = PBXBuildFile; fileRef = 880D5B2118B99E7400A7AAA6 /* CONTRIBUTORS.txt */; };
		880D5B3C18B99E7400A7AAA6 /* FMDatabase+InMemoryOnDiskIO.h in Headers */ = {isa = PBXBuildFile; fileRef = 880D5B2318B99E7400A7AAA6 /* FMDatabase+InMemoryOnDiskIO.h */; };
		880D5B3D18B99E7400A7AAA6 /* FMDatabase+InMemoryOnDiskIO.h in Headers */ = {isa = PBXBuildFile; fileRef = 880D5B2318B99E7400A7AAA6 /* FMDatabase+InMemoryOnDiskIO.h */; };
		880D5B3E18B99E7400A7AAA6 /* FMDatabase+InMemoryOnDiskIO.m in Sources */ = {isa = PBXBuildFile; fileRef = 880D5B2418B99E7400A7AAA6 /* FMDatabase+InMemoryOnDiskIO.m */; };
		880D5B3F18B99E7400A7AAA6 /* FMDatabase+InMemoryOnDiskIO.m in Sources */ = {isa = PBXBuildFile; fileRef = 880D5B2418B99E7400A7AAA6 /* FMDatabase+InMemoryOnDiskIO.m */; };
		880D5B4018B99E7400A7AAA6 /* fmdb.1 in Resources */ = {isa = PBXBuildFile; fileRef = 880D5B2518B99E7400A7AAA6 /* fmdb.1 */; };
		880D5B4118B99E7400A7AAA6 /* fmdb.podspec in Resources */ = {isa = PBXBuildFile; fileRef = 880D5B2618B99E7400A7AAA6 /* fmdb.podspec */; };
		880D5B4218B99E7400A7AAA6 /* fmdb_Prefix.pch in Headers */ = {isa = PBXBuildFile; fileRef = 880D5B2A18B99E7400A7AAA6 /* fmdb_Prefix.pch */; };
		880D5B4318B99E7400A7AAA6 /* fmdb_Prefix.pch in Headers */ = {isa = PBXBuildFile; fileRef = 880D5B2A18B99E7400A7AAA6 /* fmdb_Prefix.pch */; };
		880D5B4418B99E7400A7AAA6 /* LICENSE.txt in Resources */ = {isa = PBXBuildFile; fileRef = 880D5B2B18B99E7400A7AAA6 /* LICENSE.txt */; };
		880D5B4518B99E7400A7AAA6 /* README.markdown in Resources */ = {isa = PBXBuildFile; fileRef = 880D5B2C18B99E7400A7AAA6 /* README.markdown */; };
		880D5B4618B99E7400A7AAA6 /* FMDatabase.h in Headers */ = {isa = PBXBuildFile; fileRef = 880D5B2E18B99E7400A7AAA6 /* FMDatabase.h */; };
		880D5B4718B99E7400A7AAA6 /* FMDatabase.h in Headers */ = {isa = PBXBuildFile; fileRef = 880D5B2E18B99E7400A7AAA6 /* FMDatabase.h */; };
		880D5B4818B99E7400A7AAA6 /* FMDatabase.m in Sources */ = {isa = PBXBuildFile; fileRef = 880D5B2F18B99E7400A7AAA6 /* FMDatabase.m */; };
		880D5B4918B99E7400A7AAA6 /* FMDatabase.m in Sources */ = {isa = PBXBuildFile; fileRef = 880D5B2F18B99E7400A7AAA6 /* FMDatabase.m */; };
		880D5B4A18B99E7400A7AAA6 /* FMDatabaseAdditions.h in Headers */ = {isa = PBXBuildFile; fileRef = 880D5B3018B99E7400A7AAA6 /* FMDatabaseAdditions.h */; };
		880D5B4B18B99E7400A7AAA6 /* FMDatabaseAdditions.h in Headers */ = {isa = PBXBuildFile; fileRef = 880D5B3018B99E7400A7AAA6 /* FMDatabaseAdditions.h */; };
		880D5B4C18B99E7400A7AAA6 /* FMDatabaseAdditions.m in Sources */ = {isa = PBXBuildFile; fileRef = 880D5B3118B99E7400A7AAA6 /* FMDatabaseAdditions.m */; };
		880D5B4D18B99E7400A7AAA6 /* FMDatabaseAdditions.m in Sources */ = {isa = PBXBuildFile; fileRef = 880D5B3118B99E7400A7AAA6 /* FMDatabaseAdditions.m */; };
		880D5B4E18B99E7400A7AAA6 /* FMDatabasePool.h in Headers */ = {isa = PBXBuildFile; fileRef = 880D5B3218B99E7400A7AAA6 /* FMDatabasePool.h */; };
		880D5B4F18B99E7400A7AAA6 /* FMDatabasePool.h in Headers */ = {isa = PBXBuildFile; fileRef = 880D5B3218B99E7400A7AAA6 /* FMDatabasePool.h */; };
		880D5B5018B99E7400A7AAA6 /* FMDatabasePool.m in Sources */ = {isa = PBXBuildFile; fileRef = 880D5B3318B99E7400A7AAA6 /* FMDatabasePool.m */; };
		880D5B5118B99E7400A7AAA6 /* FMDatabasePool.m in Sources */ = {isa = PBXBuildFile; fileRef = 880D5B3318B99E7400A7AAA6 /* FMDatabasePool.m */; };
		880D5B5218B99E7400A7AAA6 /* FMDatabaseQueue.h in Headers */ = {isa = PBXBuildFile; fileRef = 880D5B3418B99E7400A7AAA6 /* FMDatabaseQueue.h */; };
		880D5B5318B99E7400A7AAA6 /* FMDatabaseQueue.h in Headers */ = {isa = PBXBuildFile; fileRef = 880D5B3418B99E7400A7AAA6 /* FMDatabaseQueue.h */; };
		880D5B5418B99E7400A7AAA6 /* FMDatabaseQueue.m in Sources */ = {isa = PBXBuildFile; fileRef = 880D5B3518B99E7400A7AAA6 /* FMDatabaseQueue.m */; };
		880D5B5518B99E7400A7AAA6 /* FMDatabaseQueue.m in Sources */ = {isa = PBXBuildFile; fileRef = 880D5B3518B99E7400A7AAA6 /* FMDatabaseQueue.m */; };
		880D5B5618B99E7400A7AAA6 /* fmdb.m in Sources */ = {isa = PBXBuildFile; fileRef = 880D5B3618B99E7400A7AAA6 /* fmdb.m */; settings = {COMPILER_FLAGS = "-w"; }; };
		880D5B5718B99E7400A7AAA6 /* fmdb.m in Sources */ = {isa = PBXBuildFile; fileRef = 880D5B3618B99E7400A7AAA6 /* fmdb.m */; settings = {COMPILER_FLAGS = "-w"; }; };
		880D5B5818B99E7400A7AAA6 /* FMResultSet.h in Headers */ = {isa = PBXBuildFile; fileRef = 880D5B3718B99E7400A7AAA6 /* FMResultSet.h */; };
		880D5B5918B99E7400A7AAA6 /* FMResultSet.h in Headers */ = {isa = PBXBuildFile; fileRef = 880D5B3718B99E7400A7AAA6 /* FMResultSet.h */; };
		880D5B5A18B99E7400A7AAA6 /* FMResultSet.m in Sources */ = {isa = PBXBuildFile; fileRef = 880D5B3818B99E7400A7AAA6 /* FMResultSet.m */; };
		880D5B5B18B99E7400A7AAA6 /* FMResultSet.m in Sources */ = {isa = PBXBuildFile; fileRef = 880D5B3818B99E7400A7AAA6 /* FMResultSet.m */; };
		88287CA0186E78CA0085B2D2 /* FRZQuery.h in Headers */ = {isa = PBXBuildFile; fileRef = 88287C9E186E78CA0085B2D2 /* FRZQuery.h */; settings = {ATTRIBUTES = (Public, ); }; };
		88287CA1186E78CA0085B2D2 /* FRZQuery.m in Sources */ = {isa = PBXBuildFile; fileRef = 88287C9F186E78CA0085B2D2 /* FRZQuery.m */; };
		889A58A918EE08F4001BD630 /* FRZIDLense.h in Headers */ = {isa = PBXBuildFile; fileRef = 889A58A718EE08F4001BD630 /* FRZIDLense.h */; settings = {ATTRIBUTES = (Public, ); }; };
		889A58AA18EE08F4001BD630 /* FRZIDLense.h in Headers */ = {isa = PBXBuildFile; fileRef = 889A58A718EE08F4001BD630 /* FRZIDLense.h */; settings = {ATTRIBUTES = (Public, ); }; };
		889A58AB18EE08F4001BD630 /* FRZIDLense.m in Sources */ = {isa = PBXBuildFile; fileRef = 889A58A818EE08F4001BD630 /* FRZIDLense.m */; };
		889A58AC18EE08F4001BD630 /* FRZIDLense.m in Sources */ = {isa = PBXBuildFile; fileRef = 889A58A818EE08F4001BD630 /* FRZIDLense.m */; };
		889A58AF18EE090D001BD630 /* FRZKeyLense.h in Headers */ = {isa = PBXBuildFile; fileRef = 889A58AD18EE090D001BD630 /* FRZKeyLense.h */; settings = {ATTRIBUTES = (Public, ); }; };
		889A58B018EE090D001BD630 /* FRZKeyLense.h in Headers */ = {isa = PBXBuildFile; fileRef = 889A58AD18EE090D001BD630 /* FRZKeyLense.h */; settings = {ATTRIBUTES = (Public, ); }; };
		889A58B118EE090D001BD630 /* FRZKeyLense.m in Sources */ = {isa = PBXBuildFile; fileRef = 889A58AE18EE090D001BD630 /* FRZKeyLense.m */; };
		889A58B218EE090D001BD630 /* FRZKeyLense.m in Sources */ = {isa = PBXBuildFile; fileRef = 889A58AE18EE090D001BD630 /* FRZKeyLense.m */; };
		88AA798B18DFC3E00042F610 /* README.md in Resources */ = {isa = PBXBuildFile; fileRef = 88AA797B18DFC3E00042F610 /* README.md */; };
		88AA7A1118DFD2C50042F610 /* libSpecta.a in Frameworks */ = {isa = PBXBuildFile; fileRef = 88AA79F818DFD2B30042F610 /* libSpecta.a */; };
		88AA7A1218DFD2C90042F610 /* libExpecta.a in Frameworks */ = {isa = PBXBuildFile; fileRef = 88AA7A0618DFD2B30042F610 /* libExpecta.a */; };
		88AF6387187130B300EB5E29 /* FRZQuerySpec.m in Sources */ = {isa = PBXBuildFile; fileRef = 88AF6386187130B300EB5E29 /* FRZQuerySpec.m */; };
		88C1E61E18FB6E8600176387 /* FRZLense.h in Headers */ = {isa = PBXBuildFile; fileRef = 88C1E61C18FB6E8600176387 /* FRZLense.h */; };
		88C1E61F18FB6E8600176387 /* FRZLense.h in Headers */ = {isa = PBXBuildFile; fileRef = 88C1E61C18FB6E8600176387 /* FRZLense.h */; };
		88C1E62018FB6E8600176387 /* FRZLense.m in Sources */ = {isa = PBXBuildFile; fileRef = 88C1E61D18FB6E8600176387 /* FRZLense.m */; };
		88C1E62118FB6E8600176387 /* FRZLense.m in Sources */ = {isa = PBXBuildFile; fileRef = 88C1E61D18FB6E8600176387 /* FRZLense.m */; };
		88C8BE9D18C5682900824884 /* FRZDeletedSentinel.h in Headers */ = {isa = PBXBuildFile; fileRef = 88C8BE9B18C5682900824884 /* FRZDeletedSentinel.h */; };
		88C8BE9E18C5682900824884 /* FRZDeletedSentinel.h in Headers */ = {isa = PBXBuildFile; fileRef = 88C8BE9B18C5682900824884 /* FRZDeletedSentinel.h */; };
		88C8BE9F18C5682900824884 /* FRZDeletedSentinel.m in Sources */ = {isa = PBXBuildFile; fileRef = 88C8BE9C18C5682900824884 /* FRZDeletedSentinel.m */; };
		88C8BEA018C5682900824884 /* FRZDeletedSentinel.m in Sources */ = {isa = PBXBuildFile; fileRef = 88C8BE9C18C5682900824884 /* FRZDeletedSentinel.m */; };
		88FD309F182B25A8004CFDD4 /* Cocoa.framework in Frameworks */ = {isa = PBXBuildFile; fileRef = 8884947418063DDA00477836 /* Cocoa.framework */; };
		88FD30AF182B25A8004CFDD4 /* XCTest.framework in Frameworks */ = {isa = PBXBuildFile; fileRef = 8884949318063DDA00477836 /* XCTest.framework */; };
		88FD30B0182B25A8004CFDD4 /* Cocoa.framework in Frameworks */ = {isa = PBXBuildFile; fileRef = 8884947418063DDA00477836 /* Cocoa.framework */; };
		88FD30B3182B25A8004CFDD4 /* Freezer.framework in Frameworks */ = {isa = PBXBuildFile; fileRef = 88FD309E182B25A8004CFDD4 /* Freezer.framework */; };
		88FD30B9182B25A8004CFDD4 /* InfoPlist.strings in Resources */ = {isa = PBXBuildFile; fileRef = 88FD30B7182B25A8004CFDD4 /* InfoPlist.strings */; };
		88FD30CE182B2630004CFDD4 /* ReactiveCocoa.framework in Frameworks */ = {isa = PBXBuildFile; fileRef = 8859764C18178AE500A8FC72 /* ReactiveCocoa.framework */; };
		88FD30D0182B265C004CFDD4 /* FRZStore.m in Sources */ = {isa = PBXBuildFile; fileRef = 8884953818063F4000477836 /* FRZStore.m */; };
		88FD30D1182B265C004CFDD4 /* FRZDatabase.m in Sources */ = {isa = PBXBuildFile; fileRef = 8884953B18063F4600477836 /* FRZDatabase.m */; };
		88FD30D2182B265C004CFDD4 /* FRZTransactor.m in Sources */ = {isa = PBXBuildFile; fileRef = 8884953E18063F5300477836 /* FRZTransactor.m */; };
		88FD30D3182B265C004CFDD4 /* FRZChange.m in Sources */ = {isa = PBXBuildFile; fileRef = 88B3F8ED182AE14B00C0415E /* FRZChange.m */; };
		88FD30D4182B2669004CFDD4 /* FRZStore.h in Headers */ = {isa = PBXBuildFile; fileRef = 8884953718063F4000477836 /* FRZStore.h */; settings = {ATTRIBUTES = (Public, ); }; };
		88FD30D5182B2669004CFDD4 /* FRZDatabase.h in Headers */ = {isa = PBXBuildFile; fileRef = 8884953A18063F4600477836 /* FRZDatabase.h */; settings = {ATTRIBUTES = (Public, ); }; };
		88FD30D6182B2669004CFDD4 /* FRZTransactor.h in Headers */ = {isa = PBXBuildFile; fileRef = 8884953D18063F5300477836 /* FRZTransactor.h */; settings = {ATTRIBUTES = (Public, ); }; };
		88FD30D7182B2669004CFDD4 /* FRZChange.h in Headers */ = {isa = PBXBuildFile; fileRef = 88B3F8EC182AE14B00C0415E /* FRZChange.h */; settings = {ATTRIBUTES = (Public, ); }; };
		88FD30D8182B266F004CFDD4 /* Freezer.h in Headers */ = {isa = PBXBuildFile; fileRef = 88FD30A7182B25A8004CFDD4 /* Freezer.h */; settings = {ATTRIBUTES = (Public, ); }; };
		88FD30D9182B26C2004CFDD4 /* libsqlite3.dylib in Frameworks */ = {isa = PBXBuildFile; fileRef = 886D1996181240030044BD2F /* libsqlite3.dylib */; };
		88FD3109182B27DA004CFDD4 /* FRZStoreSpec.m in Sources */ = {isa = PBXBuildFile; fileRef = 88FD3108182B27DA004CFDD4 /* FRZStoreSpec.m */; };
		88FD310B182B282A004CFDD4 /* SenTestingKit.framework in Frameworks */ = {isa = PBXBuildFile; fileRef = 88FD310A182B282A004CFDD4 /* SenTestingKit.framework */; };
		88FD3113182B28BA004CFDD4 /* FRZDatabaseSpec.m in Sources */ = {isa = PBXBuildFile; fileRef = 88FD3112182B28BA004CFDD4 /* FRZDatabaseSpec.m */; };
		88FD3116182B28CE004CFDD4 /* FRZTransactorSpec.m in Sources */ = {isa = PBXBuildFile; fileRef = 88FD3115182B28CE004CFDD4 /* FRZTransactorSpec.m */; };
/* End PBXBuildFile section */

/* Begin PBXContainerItemProxy section */
		880D5AD718B99AE100A7AAA6 /* PBXContainerItemProxy */ = {
			isa = PBXContainerItemProxy;
			containerPortal = 8859763818178AE500A8FC72 /* ReactiveCocoa.xcodeproj */;
			proxyType = 1;
			remoteGlobalIDString = 88F440AA153DAC820097B4C3;
			remoteInfo = "ReactiveCocoa-iOS";
		};
		880D5B5E18B99E7400A7AAA6 /* PBXContainerItemProxy */ = {
			isa = PBXContainerItemProxy;
			containerPortal = 880D5B2718B99E7400A7AAA6 /* fmdb.xcodeproj */;
			proxyType = 2;
			remoteGlobalIDString = 8DD76FA10486AA7600D96B5E;
			remoteInfo = fmdb;
		};
		880D5B6018B99E7400A7AAA6 /* PBXContainerItemProxy */ = {
			isa = PBXContainerItemProxy;
			containerPortal = 880D5B2718B99E7400A7AAA6 /* fmdb.xcodeproj */;
			proxyType = 2;
			remoteGlobalIDString = EE4290EF12B42F870088BD94;
			remoteInfo = FMDB;
		};
		8859764B18178AE500A8FC72 /* PBXContainerItemProxy */ = {
			isa = PBXContainerItemProxy;
			containerPortal = 8859763818178AE500A8FC72 /* ReactiveCocoa.xcodeproj */;
			proxyType = 2;
			remoteGlobalIDString = 88037F8315056328001A5B19;
			remoteInfo = ReactiveCocoa;
		};
		8859764D18178AE500A8FC72 /* PBXContainerItemProxy */ = {
			isa = PBXContainerItemProxy;
			containerPortal = 8859763818178AE500A8FC72 /* ReactiveCocoa.xcodeproj */;
			proxyType = 2;
			remoteGlobalIDString = 88F440AB153DAC820097B4C3;
			remoteInfo = "ReactiveCocoa-iOS";
		};
		8859764F18178AE500A8FC72 /* PBXContainerItemProxy */ = {
			isa = PBXContainerItemProxy;
			containerPortal = 8859763818178AE500A8FC72 /* ReactiveCocoa.xcodeproj */;
			proxyType = 2;
			remoteGlobalIDString = 88CDF7DC15000FCF00163A9F;
			remoteInfo = ReactiveCocoaTests;
		};
		8859765118178AE500A8FC72 /* PBXContainerItemProxy */ = {
			isa = PBXContainerItemProxy;
			containerPortal = 8859763818178AE500A8FC72 /* ReactiveCocoa.xcodeproj */;
			proxyType = 2;
			remoteGlobalIDString = 5FAF5223174D4C2000CAC810;
			remoteInfo = "ReactiveCocoaTests-iOS";
		};
		8859765318178AE500A8FC72 /* PBXContainerItemProxy */ = {
			isa = PBXContainerItemProxy;
			containerPortal = 8859763818178AE500A8FC72 /* ReactiveCocoa.xcodeproj */;
			proxyType = 2;
			remoteGlobalIDString = 1860F412177C91B500C7B3C9;
			remoteInfo = "ReactiveCocoa-iOS-UIKitTestHost";
		};
		8859765518178AE500A8FC72 /* PBXContainerItemProxy */ = {
			isa = PBXContainerItemProxy;
			containerPortal = 8859763818178AE500A8FC72 /* ReactiveCocoa.xcodeproj */;
			proxyType = 2;
			remoteGlobalIDString = 1860F430177C91B500C7B3C9;
			remoteInfo = "ReactiveCocoa-iOS-UIKitTestHostTests";
		};
		8859765718178AE500A8FC72 /* PBXContainerItemProxy */ = {
			isa = PBXContainerItemProxy;
			containerPortal = 8859763818178AE500A8FC72 /* ReactiveCocoa.xcodeproj */;
			proxyType = 2;
			remoteGlobalIDString = D05AD39417F2D56F0080895B;
			remoteInfo = "ReactiveCocoa-Mac";
		};
		88AA79F718DFD2B30042F610 /* PBXContainerItemProxy */ = {
			isa = PBXContainerItemProxy;
			containerPortal = 88AA798C18DFC48D0042F610 /* Specta.xcodeproj */;
			proxyType = 2;
			remoteGlobalIDString = E9D96A2614B6B8AB007D9521;
			remoteInfo = Specta;
		};
		88AA79F918DFD2B30042F610 /* PBXContainerItemProxy */ = {
			isa = PBXContainerItemProxy;
			containerPortal = 88AA798C18DFC48D0042F610 /* Specta.xcodeproj */;
			proxyType = 2;
			remoteGlobalIDString = E9B777A414BA294B00D8DC76;
			remoteInfo = "Specta-iOS";
		};
		88AA79FB18DFD2B30042F610 /* PBXContainerItemProxy */ = {
			isa = PBXContainerItemProxy;
			containerPortal = 88AA798C18DFC48D0042F610 /* Specta.xcodeproj */;
			proxyType = 2;
			remoteGlobalIDString = E9D96A3A14B6B8AB007D9521;
			remoteInfo = SpectaTests;
		};
		88AA79FD18DFD2B30042F610 /* PBXContainerItemProxy */ = {
			isa = PBXContainerItemProxy;
			containerPortal = 88AA798C18DFC48D0042F610 /* Specta.xcodeproj */;
			proxyType = 2;
			remoteGlobalIDString = E9B777B314BA294C00D8DC76;
			remoteInfo = "Specta-iOSTests";
		};
		88AA7A0518DFD2B30042F610 /* PBXContainerItemProxy */ = {
			isa = PBXContainerItemProxy;
			containerPortal = 88AA799B18DFC4900042F610 /* Expecta.xcodeproj */;
			proxyType = 2;
			remoteGlobalIDString = E9ACDF0C13B2DD520010F4D7;
			remoteInfo = Expecta;
		};
		88AA7A0718DFD2B30042F610 /* PBXContainerItemProxy */ = {
			isa = PBXContainerItemProxy;
			containerPortal = 88AA799B18DFC4900042F610 /* Expecta.xcodeproj */;
			proxyType = 2;
			remoteGlobalIDString = E93067CE13B2E6D100EA26FF;
			remoteInfo = "Expecta-iOS";
		};
		88AA7A0918DFD2B30042F610 /* PBXContainerItemProxy */ = {
			isa = PBXContainerItemProxy;
			containerPortal = 88AA799B18DFC4900042F610 /* Expecta.xcodeproj */;
			proxyType = 2;
			remoteGlobalIDString = E9ACDF1D13B2DD520010F4D7;
			remoteInfo = ExpectaTests;
		};
		88AA7A0B18DFD2B30042F610 /* PBXContainerItemProxy */ = {
			isa = PBXContainerItemProxy;
			containerPortal = 88AA799B18DFC4900042F610 /* Expecta.xcodeproj */;
			proxyType = 2;
			remoteGlobalIDString = E93067DA13B2E6D100EA26FF;
			remoteInfo = "Expecta-iOSTests";
		};
		88AA7A0D18DFD2BC0042F610 /* PBXContainerItemProxy */ = {
			isa = PBXContainerItemProxy;
			containerPortal = 88AA798C18DFC48D0042F610 /* Specta.xcodeproj */;
			proxyType = 1;
			remoteGlobalIDString = E9D96A2514B6B8AB007D9521;
			remoteInfo = Specta;
		};
		88AA7A0F18DFD2C00042F610 /* PBXContainerItemProxy */ = {
			isa = PBXContainerItemProxy;
			containerPortal = 88AA799B18DFC4900042F610 /* Expecta.xcodeproj */;
			proxyType = 1;
			remoteGlobalIDString = E9ACDF0B13B2DD520010F4D7;
			remoteInfo = Expecta;
		};
		88FD30B1182B25A8004CFDD4 /* PBXContainerItemProxy */ = {
			isa = PBXContainerItemProxy;
			containerPortal = 8884946918063DDA00477836 /* Project object */;
			proxyType = 1;
			remoteGlobalIDString = 88FD309D182B25A8004CFDD4;
			remoteInfo = Freezer;
		};
		88FD30C7182B2611004CFDD4 /* PBXContainerItemProxy */ = {
			isa = PBXContainerItemProxy;
			containerPortal = 8859763818178AE500A8FC72 /* ReactiveCocoa.xcodeproj */;
			proxyType = 1;
			remoteGlobalIDString = 88037F8215056328001A5B19;
			remoteInfo = ReactiveCocoa;
		};
/* End PBXContainerItemProxy section */

/* Begin PBXFileReference section */
		880D5A5718B998FE00A7AAA6 /* libFreezer.a */ = {isa = PBXFileReference; explicitFileType = archive.ar; includeInIndex = 0; path = libFreezer.a; sourceTree = BUILT_PRODUCTS_DIR; };
		880D5B1F18B99E7400A7AAA6 /* .gitignore */ = {isa = PBXFileReference; fileEncoding = 4; lastKnownFileType = text; path = .gitignore; sourceTree = "<group>"; };
		880D5B2018B99E7400A7AAA6 /* CHANGES_AND_TODO_LIST.txt */ = {isa = PBXFileReference; fileEncoding = 4; lastKnownFileType = text; path = CHANGES_AND_TODO_LIST.txt; sourceTree = "<group>"; };
		880D5B2118B99E7400A7AAA6 /* CONTRIBUTORS.txt */ = {isa = PBXFileReference; fileEncoding = 4; lastKnownFileType = text; path = CONTRIBUTORS.txt; sourceTree = "<group>"; };
		880D5B2318B99E7400A7AAA6 /* FMDatabase+InMemoryOnDiskIO.h */ = {isa = PBXFileReference; fileEncoding = 4; lastKnownFileType = sourcecode.c.h; path = "FMDatabase+InMemoryOnDiskIO.h"; sourceTree = "<group>"; };
		880D5B2418B99E7400A7AAA6 /* FMDatabase+InMemoryOnDiskIO.m */ = {isa = PBXFileReference; fileEncoding = 4; lastKnownFileType = sourcecode.c.objc; path = "FMDatabase+InMemoryOnDiskIO.m"; sourceTree = "<group>"; };
		880D5B2518B99E7400A7AAA6 /* fmdb.1 */ = {isa = PBXFileReference; fileEncoding = 4; lastKnownFileType = text.man; path = fmdb.1; sourceTree = "<group>"; };
		880D5B2618B99E7400A7AAA6 /* fmdb.podspec */ = {isa = PBXFileReference; fileEncoding = 4; lastKnownFileType = text; path = fmdb.podspec; sourceTree = "<group>"; };
		880D5B2718B99E7400A7AAA6 /* fmdb.xcodeproj */ = {isa = PBXFileReference; lastKnownFileType = "wrapper.pb-project"; path = fmdb.xcodeproj; sourceTree = "<group>"; };
		880D5B2A18B99E7400A7AAA6 /* fmdb_Prefix.pch */ = {isa = PBXFileReference; fileEncoding = 4; lastKnownFileType = sourcecode.c.h; path = fmdb_Prefix.pch; sourceTree = "<group>"; };
		880D5B2B18B99E7400A7AAA6 /* LICENSE.txt */ = {isa = PBXFileReference; fileEncoding = 4; lastKnownFileType = text; path = LICENSE.txt; sourceTree = "<group>"; };
		880D5B2C18B99E7400A7AAA6 /* README.markdown */ = {isa = PBXFileReference; fileEncoding = 4; lastKnownFileType = text; path = README.markdown; sourceTree = "<group>"; };
		880D5B2E18B99E7400A7AAA6 /* FMDatabase.h */ = {isa = PBXFileReference; fileEncoding = 4; lastKnownFileType = sourcecode.c.h; path = FMDatabase.h; sourceTree = "<group>"; };
		880D5B2F18B99E7400A7AAA6 /* FMDatabase.m */ = {isa = PBXFileReference; fileEncoding = 4; lastKnownFileType = sourcecode.c.objc; path = FMDatabase.m; sourceTree = "<group>"; };
		880D5B3018B99E7400A7AAA6 /* FMDatabaseAdditions.h */ = {isa = PBXFileReference; fileEncoding = 4; lastKnownFileType = sourcecode.c.h; path = FMDatabaseAdditions.h; sourceTree = "<group>"; };
		880D5B3118B99E7400A7AAA6 /* FMDatabaseAdditions.m */ = {isa = PBXFileReference; fileEncoding = 4; lastKnownFileType = sourcecode.c.objc; path = FMDatabaseAdditions.m; sourceTree = "<group>"; };
		880D5B3218B99E7400A7AAA6 /* FMDatabasePool.h */ = {isa = PBXFileReference; fileEncoding = 4; lastKnownFileType = sourcecode.c.h; path = FMDatabasePool.h; sourceTree = "<group>"; };
		880D5B3318B99E7400A7AAA6 /* FMDatabasePool.m */ = {isa = PBXFileReference; fileEncoding = 4; lastKnownFileType = sourcecode.c.objc; path = FMDatabasePool.m; sourceTree = "<group>"; };
		880D5B3418B99E7400A7AAA6 /* FMDatabaseQueue.h */ = {isa = PBXFileReference; fileEncoding = 4; lastKnownFileType = sourcecode.c.h; path = FMDatabaseQueue.h; sourceTree = "<group>"; };
		880D5B3518B99E7400A7AAA6 /* FMDatabaseQueue.m */ = {isa = PBXFileReference; fileEncoding = 4; lastKnownFileType = sourcecode.c.objc; path = FMDatabaseQueue.m; sourceTree = "<group>"; };
		880D5B3618B99E7400A7AAA6 /* fmdb.m */ = {isa = PBXFileReference; fileEncoding = 4; lastKnownFileType = sourcecode.c.objc; path = fmdb.m; sourceTree = "<group>"; };
		880D5B3718B99E7400A7AAA6 /* FMResultSet.h */ = {isa = PBXFileReference; fileEncoding = 4; lastKnownFileType = sourcecode.c.h; path = FMResultSet.h; sourceTree = "<group>"; };
		880D5B3818B99E7400A7AAA6 /* FMResultSet.m */ = {isa = PBXFileReference; fileEncoding = 4; lastKnownFileType = sourcecode.c.objc; path = FMResultSet.m; sourceTree = "<group>"; };
		88287C9E186E78CA0085B2D2 /* FRZQuery.h */ = {isa = PBXFileReference; fileEncoding = 4; lastKnownFileType = sourcecode.c.h; path = FRZQuery.h; sourceTree = "<group>"; };
		88287C9F186E78CA0085B2D2 /* FRZQuery.m */ = {isa = PBXFileReference; fileEncoding = 4; lastKnownFileType = sourcecode.c.objc; path = FRZQuery.m; sourceTree = "<group>"; };
		88287CB0186E79020085B2D2 /* FRZQuery+Private.h */ = {isa = PBXFileReference; lastKnownFileType = sourcecode.c.h; path = "FRZQuery+Private.h"; sourceTree = "<group>"; };
		8859763818178AE500A8FC72 /* ReactiveCocoa.xcodeproj */ = {isa = PBXFileReference; lastKnownFileType = "wrapper.pb-project"; name = ReactiveCocoa.xcodeproj; path = External/ReactiveCocoa/ReactiveCocoaFramework/ReactiveCocoa.xcodeproj; sourceTree = "<group>"; };
		886D1996181240030044BD2F /* libsqlite3.dylib */ = {isa = PBXFileReference; lastKnownFileType = "compiled.mach-o.dylib"; name = libsqlite3.dylib; path = usr/lib/libsqlite3.dylib; sourceTree = SDKROOT; };
		8884947418063DDA00477836 /* Cocoa.framework */ = {isa = PBXFileReference; lastKnownFileType = wrapper.framework; name = Cocoa.framework; path = System/Library/Frameworks/Cocoa.framework; sourceTree = SDKROOT; };
		8884947718063DDA00477836 /* AppKit.framework */ = {isa = PBXFileReference; lastKnownFileType = wrapper.framework; name = AppKit.framework; path = System/Library/Frameworks/AppKit.framework; sourceTree = SDKROOT; };
		8884947818063DDA00477836 /* CoreData.framework */ = {isa = PBXFileReference; lastKnownFileType = wrapper.framework; name = CoreData.framework; path = System/Library/Frameworks/CoreData.framework; sourceTree = SDKROOT; };
		8884947918063DDA00477836 /* Foundation.framework */ = {isa = PBXFileReference; lastKnownFileType = wrapper.framework; name = Foundation.framework; path = System/Library/Frameworks/Foundation.framework; sourceTree = SDKROOT; };
		8884947C18063DDA00477836 /* Freezer-Info.plist */ = {isa = PBXFileReference; lastKnownFileType = text.plist.xml; path = "Freezer-Info.plist"; sourceTree = "<group>"; };
		8884947E18063DDA00477836 /* en */ = {isa = PBXFileReference; lastKnownFileType = text.plist.strings; name = en; path = en.lproj/InfoPlist.strings; sourceTree = "<group>"; };
		8884948218063DDA00477836 /* Freezer-Prefix.pch */ = {isa = PBXFileReference; lastKnownFileType = sourcecode.c.h; path = "Freezer-Prefix.pch"; sourceTree = "<group>"; };
		8884949318063DDA00477836 /* XCTest.framework */ = {isa = PBXFileReference; lastKnownFileType = wrapper.framework; name = XCTest.framework; path = Library/Frameworks/XCTest.framework; sourceTree = DEVELOPER_DIR; };
		8884953718063F4000477836 /* FRZStore.h */ = {isa = PBXFileReference; fileEncoding = 4; lastKnownFileType = sourcecode.c.h; lineEnding = 0; path = FRZStore.h; sourceTree = "<group>"; xcLanguageSpecificationIdentifier = xcode.lang.objcpp; };
		8884953818063F4000477836 /* FRZStore.m */ = {isa = PBXFileReference; fileEncoding = 4; lastKnownFileType = sourcecode.c.objc; lineEnding = 0; path = FRZStore.m; sourceTree = "<group>"; xcLanguageSpecificationIdentifier = xcode.lang.objc; };
		8884953A18063F4600477836 /* FRZDatabase.h */ = {isa = PBXFileReference; fileEncoding = 4; lastKnownFileType = sourcecode.c.h; path = FRZDatabase.h; sourceTree = "<group>"; };
		8884953B18063F4600477836 /* FRZDatabase.m */ = {isa = PBXFileReference; fileEncoding = 4; lastKnownFileType = sourcecode.c.objc; path = FRZDatabase.m; sourceTree = "<group>"; };
		8884953D18063F5300477836 /* FRZTransactor.h */ = {isa = PBXFileReference; fileEncoding = 4; lastKnownFileType = sourcecode.c.h; path = FRZTransactor.h; sourceTree = "<group>"; };
		8884953E18063F5300477836 /* FRZTransactor.m */ = {isa = PBXFileReference; fileEncoding = 4; lastKnownFileType = sourcecode.c.objc; path = FRZTransactor.m; sourceTree = "<group>"; };
		888495401806410700477836 /* FRZDatabase+Private.h */ = {isa = PBXFileReference; lastKnownFileType = sourcecode.c.h; path = "FRZDatabase+Private.h"; sourceTree = "<group>"; };
		888495411806431400477836 /* FRZTransactor+Private.h */ = {isa = PBXFileReference; lastKnownFileType = sourcecode.c.h; path = "FRZTransactor+Private.h"; sourceTree = "<group>"; };
		888495421806437D00477836 /* FRZStore+Private.h */ = {isa = PBXFileReference; lastKnownFileType = sourcecode.c.h; path = "FRZStore+Private.h"; sourceTree = "<group>"; };
		889A58A718EE08F4001BD630 /* FRZIDLense.h */ = {isa = PBXFileReference; fileEncoding = 4; lastKnownFileType = sourcecode.c.h; path = FRZIDLense.h; sourceTree = "<group>"; };
		889A58A818EE08F4001BD630 /* FRZIDLense.m */ = {isa = PBXFileReference; fileEncoding = 4; lastKnownFileType = sourcecode.c.objc; path = FRZIDLense.m; sourceTree = "<group>"; };
		889A58AD18EE090D001BD630 /* FRZKeyLense.h */ = {isa = PBXFileReference; fileEncoding = 4; lastKnownFileType = sourcecode.c.h; path = FRZKeyLense.h; sourceTree = "<group>"; };
		889A58AE18EE090D001BD630 /* FRZKeyLense.m */ = {isa = PBXFileReference; fileEncoding = 4; lastKnownFileType = sourcecode.c.objc; path = FRZKeyLense.m; sourceTree = "<group>"; };
		889A58B318EE0C14001BD630 /* FRZIDLense+Private.h */ = {isa = PBXFileReference; lastKnownFileType = sourcecode.c.h; path = "FRZIDLense+Private.h"; sourceTree = "<group>"; };
		889A58B418EE0C3F001BD630 /* FRZKeyLense+Private.h */ = {isa = PBXFileReference; lastKnownFileType = sourcecode.c.h; path = "FRZKeyLense+Private.h"; sourceTree = "<group>"; };
		88AA796818DFC3E00042F610 /* Common.xcconfig */ = {isa = PBXFileReference; fileEncoding = 4; lastKnownFileType = text.xcconfig; path = Common.xcconfig; sourceTree = "<group>"; };
		88AA796A18DFC3E00042F610 /* Debug.xcconfig */ = {isa = PBXFileReference; fileEncoding = 4; lastKnownFileType = text.xcconfig; path = Debug.xcconfig; sourceTree = "<group>"; };
		88AA796B18DFC3E00042F610 /* Profile.xcconfig */ = {isa = PBXFileReference; fileEncoding = 4; lastKnownFileType = text.xcconfig; path = Profile.xcconfig; sourceTree = "<group>"; };
		88AA796C18DFC3E00042F610 /* Release.xcconfig */ = {isa = PBXFileReference; fileEncoding = 4; lastKnownFileType = text.xcconfig; path = Release.xcconfig; sourceTree = "<group>"; };
		88AA796D18DFC3E00042F610 /* Test.xcconfig */ = {isa = PBXFileReference; fileEncoding = 4; lastKnownFileType = text.xcconfig; path = Test.xcconfig; sourceTree = "<group>"; };
		88AA796F18DFC3E00042F610 /* Application.xcconfig */ = {isa = PBXFileReference; fileEncoding = 4; lastKnownFileType = text.xcconfig; path = Application.xcconfig; sourceTree = "<group>"; };
		88AA797018DFC3E00042F610 /* StaticLibrary.xcconfig */ = {isa = PBXFileReference; fileEncoding = 4; lastKnownFileType = text.xcconfig; path = StaticLibrary.xcconfig; sourceTree = "<group>"; };
		88AA797218DFC3E00042F610 /* iOS-Application.xcconfig */ = {isa = PBXFileReference; fileEncoding = 4; lastKnownFileType = text.xcconfig; path = "iOS-Application.xcconfig"; sourceTree = "<group>"; };
		88AA797318DFC3E00042F610 /* iOS-Base.xcconfig */ = {isa = PBXFileReference; fileEncoding = 4; lastKnownFileType = text.xcconfig; path = "iOS-Base.xcconfig"; sourceTree = "<group>"; };
		88AA797418DFC3E00042F610 /* iOS-StaticLibrary.xcconfig */ = {isa = PBXFileReference; fileEncoding = 4; lastKnownFileType = text.xcconfig; path = "iOS-StaticLibrary.xcconfig"; sourceTree = "<group>"; };
		88AA797618DFC3E00042F610 /* Mac-Application.xcconfig */ = {isa = PBXFileReference; fileEncoding = 4; lastKnownFileType = text.xcconfig; path = "Mac-Application.xcconfig"; sourceTree = "<group>"; };
		88AA797718DFC3E00042F610 /* Mac-Base.xcconfig */ = {isa = PBXFileReference; fileEncoding = 4; lastKnownFileType = text.xcconfig; path = "Mac-Base.xcconfig"; sourceTree = "<group>"; };
		88AA797818DFC3E00042F610 /* Mac-DynamicLibrary.xcconfig */ = {isa = PBXFileReference; fileEncoding = 4; lastKnownFileType = text.xcconfig; path = "Mac-DynamicLibrary.xcconfig"; sourceTree = "<group>"; };
		88AA797918DFC3E00042F610 /* Mac-Framework.xcconfig */ = {isa = PBXFileReference; fileEncoding = 4; lastKnownFileType = text.xcconfig; path = "Mac-Framework.xcconfig"; sourceTree = "<group>"; };
		88AA797A18DFC3E00042F610 /* Mac-StaticLibrary.xcconfig */ = {isa = PBXFileReference; fileEncoding = 4; lastKnownFileType = text.xcconfig; path = "Mac-StaticLibrary.xcconfig"; sourceTree = "<group>"; };
		88AA797B18DFC3E00042F610 /* README.md */ = {isa = PBXFileReference; fileEncoding = 4; lastKnownFileType = text; path = README.md; sourceTree = "<group>"; };
		88AA798C18DFC48D0042F610 /* Specta.xcodeproj */ = {isa = PBXFileReference; lastKnownFileType = "wrapper.pb-project"; name = Specta.xcodeproj; path = ../External/ReactiveCocoa/external/specta/Specta.xcodeproj; sourceTree = "<group>"; };
		88AA799B18DFC4900042F610 /* Expecta.xcodeproj */ = {isa = PBXFileReference; lastKnownFileType = "wrapper.pb-project"; name = Expecta.xcodeproj; path = ../External/ReactiveCocoa/external/expecta/Expecta.xcodeproj; sourceTree = "<group>"; };
		88AF6386187130B300EB5E29 /* FRZQuerySpec.m */ = {isa = PBXFileReference; fileEncoding = 4; lastKnownFileType = sourcecode.c.objc; path = FRZQuerySpec.m; sourceTree = "<group>"; };
		88B3F8EC182AE14B00C0415E /* FRZChange.h */ = {isa = PBXFileReference; fileEncoding = 4; lastKnownFileType = sourcecode.c.h; path = FRZChange.h; sourceTree = "<group>"; };
		88B3F8ED182AE14B00C0415E /* FRZChange.m */ = {isa = PBXFileReference; fileEncoding = 4; lastKnownFileType = sourcecode.c.objc; path = FRZChange.m; sourceTree = "<group>"; };
		88B3F8EF182AE1B700C0415E /* FRZChange+Private.h */ = {isa = PBXFileReference; lastKnownFileType = sourcecode.c.h; path = "FRZChange+Private.h"; sourceTree = "<group>"; };
		88C1E61C18FB6E8600176387 /* FRZLense.h */ = {isa = PBXFileReference; fileEncoding = 4; lastKnownFileType = sourcecode.c.h; path = FRZLense.h; sourceTree = "<group>"; };
		88C1E61D18FB6E8600176387 /* FRZLense.m */ = {isa = PBXFileReference; fileEncoding = 4; lastKnownFileType = sourcecode.c.objc; path = FRZLense.m; sourceTree = "<group>"; };
		88C1E63518FB6EAB00176387 /* FRZLense+Private.h */ = {isa = PBXFileReference; lastKnownFileType = sourcecode.c.h; path = "FRZLense+Private.h"; sourceTree = "<group>"; };
		88C8BE9B18C5682900824884 /* FRZDeletedSentinel.h */ = {isa = PBXFileReference; fileEncoding = 4; lastKnownFileType = sourcecode.c.h; path = FRZDeletedSentinel.h; sourceTree = "<group>"; };
		88C8BE9C18C5682900824884 /* FRZDeletedSentinel.m */ = {isa = PBXFileReference; fileEncoding = 4; lastKnownFileType = sourcecode.c.objc; path = FRZDeletedSentinel.m; sourceTree = "<group>"; };
		88FD309E182B25A8004CFDD4 /* Freezer.framework */ = {isa = PBXFileReference; explicitFileType = wrapper.framework; includeInIndex = 0; path = Freezer.framework; sourceTree = BUILT_PRODUCTS_DIR; };
		88FD30A7182B25A8004CFDD4 /* Freezer.h */ = {isa = PBXFileReference; lastKnownFileType = sourcecode.c.h; path = Freezer.h; sourceTree = "<group>"; };
		88FD30AE182B25A8004CFDD4 /* FreezerTests.octest */ = {isa = PBXFileReference; explicitFileType = wrapper.cfbundle; includeInIndex = 0; path = FreezerTests.octest; sourceTree = BUILT_PRODUCTS_DIR; };
		88FD30B6182B25A8004CFDD4 /* FreezerTests-Info.plist */ = {isa = PBXFileReference; lastKnownFileType = text.plist.xml; path = "FreezerTests-Info.plist"; sourceTree = "<group>"; };
		88FD30B8182B25A8004CFDD4 /* en */ = {isa = PBXFileReference; lastKnownFileType = text.plist.strings; name = en; path = en.lproj/InfoPlist.strings; sourceTree = "<group>"; };
		88FD3106182B2755004CFDD4 /* FreezerTests-Prefix.pch */ = {isa = PBXFileReference; lastKnownFileType = sourcecode.c.h; path = "FreezerTests-Prefix.pch"; sourceTree = "<group>"; };
		88FD3108182B27DA004CFDD4 /* FRZStoreSpec.m */ = {isa = PBXFileReference; fileEncoding = 4; lastKnownFileType = sourcecode.c.objc; lineEnding = 0; path = FRZStoreSpec.m; sourceTree = "<group>"; xcLanguageSpecificationIdentifier = xcode.lang.objc; };
		88FD310A182B282A004CFDD4 /* SenTestingKit.framework */ = {isa = PBXFileReference; lastKnownFileType = wrapper.framework; name = SenTestingKit.framework; path = Library/Frameworks/SenTestingKit.framework; sourceTree = DEVELOPER_DIR; };
		88FD3112182B28BA004CFDD4 /* FRZDatabaseSpec.m */ = {isa = PBXFileReference; fileEncoding = 4; lastKnownFileType = sourcecode.c.objc; lineEnding = 0; path = FRZDatabaseSpec.m; sourceTree = "<group>"; xcLanguageSpecificationIdentifier = xcode.lang.objc; };
		88FD3115182B28CE004CFDD4 /* FRZTransactorSpec.m */ = {isa = PBXFileReference; fileEncoding = 4; lastKnownFileType = sourcecode.c.objc; path = FRZTransactorSpec.m; sourceTree = "<group>"; };
/* End PBXFileReference section */

/* Begin PBXFrameworksBuildPhase section */
		880D5A5418B998FE00A7AAA6 /* Frameworks */ = {
			isa = PBXFrameworksBuildPhase;
			buildActionMask = 2147483647;
			files = (
				880D5A5818B998FE00A7AAA6 /* Cocoa.framework in Frameworks */,
			);
			runOnlyForDeploymentPostprocessing = 0;
		};
		88FD309A182B25A8004CFDD4 /* Frameworks */ = {
			isa = PBXFrameworksBuildPhase;
			buildActionMask = 2147483647;
			files = (
				88FD30D9182B26C2004CFDD4 /* libsqlite3.dylib in Frameworks */,
				88FD30CE182B2630004CFDD4 /* ReactiveCocoa.framework in Frameworks */,
				88FD309F182B25A8004CFDD4 /* Cocoa.framework in Frameworks */,
			);
			runOnlyForDeploymentPostprocessing = 0;
		};
		88FD30AB182B25A8004CFDD4 /* Frameworks */ = {
			isa = PBXFrameworksBuildPhase;
			buildActionMask = 2147483647;
			files = (
				88AA7A1218DFD2C90042F610 /* libExpecta.a in Frameworks */,
				88AA7A1118DFD2C50042F610 /* libSpecta.a in Frameworks */,
				88FD310B182B282A004CFDD4 /* SenTestingKit.framework in Frameworks */,
				88FD30B0182B25A8004CFDD4 /* Cocoa.framework in Frameworks */,
				88FD30AF182B25A8004CFDD4 /* XCTest.framework in Frameworks */,
				88FD30B3182B25A8004CFDD4 /* Freezer.framework in Frameworks */,
			);
			runOnlyForDeploymentPostprocessing = 0;
		};
/* End PBXFrameworksBuildPhase section */

/* Begin PBXGroup section */
		880D5B1E18B99E7400A7AAA6 /* fmdb */ = {
			isa = PBXGroup;
			children = (
				880D5B1F18B99E7400A7AAA6 /* .gitignore */,
				880D5B2018B99E7400A7AAA6 /* CHANGES_AND_TODO_LIST.txt */,
				880D5B2118B99E7400A7AAA6 /* CONTRIBUTORS.txt */,
				880D5B2218B99E7400A7AAA6 /* extra */,
				880D5B2518B99E7400A7AAA6 /* fmdb.1 */,
				880D5B2618B99E7400A7AAA6 /* fmdb.podspec */,
				880D5B2718B99E7400A7AAA6 /* fmdb.xcodeproj */,
				880D5B2A18B99E7400A7AAA6 /* fmdb_Prefix.pch */,
				880D5B2B18B99E7400A7AAA6 /* LICENSE.txt */,
				880D5B2C18B99E7400A7AAA6 /* README.markdown */,
				880D5B2D18B99E7400A7AAA6 /* src */,
			);
			name = fmdb;
			path = External/fmdb;
			sourceTree = "<group>";
		};
		880D5B2218B99E7400A7AAA6 /* extra */ = {
			isa = PBXGroup;
			children = (
				880D5B2318B99E7400A7AAA6 /* FMDatabase+InMemoryOnDiskIO.h */,
				880D5B2418B99E7400A7AAA6 /* FMDatabase+InMemoryOnDiskIO.m */,
			);
			path = extra;
			sourceTree = "<group>";
		};
		880D5B2818B99E7400A7AAA6 /* Products */ = {
			isa = PBXGroup;
			children = (
				880D5B5F18B99E7400A7AAA6 /* fmdb */,
				880D5B6118B99E7400A7AAA6 /* libFMDB.a */,
			);
			name = Products;
			sourceTree = "<group>";
		};
		880D5B2D18B99E7400A7AAA6 /* src */ = {
			isa = PBXGroup;
			children = (
				880D5B2E18B99E7400A7AAA6 /* FMDatabase.h */,
				880D5B2F18B99E7400A7AAA6 /* FMDatabase.m */,
				880D5B3018B99E7400A7AAA6 /* FMDatabaseAdditions.h */,
				880D5B3118B99E7400A7AAA6 /* FMDatabaseAdditions.m */,
				880D5B3218B99E7400A7AAA6 /* FMDatabasePool.h */,
				880D5B3318B99E7400A7AAA6 /* FMDatabasePool.m */,
				880D5B3418B99E7400A7AAA6 /* FMDatabaseQueue.h */,
				880D5B3518B99E7400A7AAA6 /* FMDatabaseQueue.m */,
				880D5B3618B99E7400A7AAA6 /* fmdb.m */,
				880D5B3718B99E7400A7AAA6 /* FMResultSet.h */,
				880D5B3818B99E7400A7AAA6 /* FMResultSet.m */,
			);
			path = src;
			sourceTree = "<group>";
		};
		8859763918178AE500A8FC72 /* Products */ = {
			isa = PBXGroup;
			children = (
				8859764C18178AE500A8FC72 /* ReactiveCocoa.framework */,
				8859764E18178AE500A8FC72 /* libReactiveCocoa-iOS.a */,
				8859765018178AE500A8FC72 /* ReactiveCocoaTests.octest */,
				8859765218178AE500A8FC72 /* ReactiveCocoaTests-iOS.octest */,
				8859765418178AE500A8FC72 /* ReactiveCocoa-iOS-UIKitTestHost.app */,
				8859765618178AE500A8FC72 /* ReactiveCocoa-iOS-UIKitTestHostTests.octest */,
				8859765818178AE500A8FC72 /* libReactiveCocoa-Mac.a */,
			);
			name = Products;
			sourceTree = "<group>";
		};
		8884946818063DDA00477836 = {
			isa = PBXGroup;
			children = (
				8884947A18063DDA00477836 /* Freezer */,
				88FD30B4182B25A8004CFDD4 /* FreezerTests */,
				8884947318063DDA00477836 /* Frameworks */,
				88AA796618DFC3E00042F610 /* Configurations */,
				8884947218063DDA00477836 /* Products */,
			);
			sourceTree = "<group>";
		};
		8884947218063DDA00477836 /* Products */ = {
			isa = PBXGroup;
			children = (
				88FD309E182B25A8004CFDD4 /* Freezer.framework */,
				88FD30AE182B25A8004CFDD4 /* FreezerTests.octest */,
				880D5A5718B998FE00A7AAA6 /* libFreezer.a */,
			);
			name = Products;
			sourceTree = "<group>";
		};
		8884947318063DDA00477836 /* Frameworks */ = {
			isa = PBXGroup;
			children = (
				880D5B1E18B99E7400A7AAA6 /* fmdb */,
				88FD310A182B282A004CFDD4 /* SenTestingKit.framework */,
				886D1996181240030044BD2F /* libsqlite3.dylib */,
				8859763818178AE500A8FC72 /* ReactiveCocoa.xcodeproj */,
				8884947418063DDA00477836 /* Cocoa.framework */,
				8884949318063DDA00477836 /* XCTest.framework */,
				8884947618063DDA00477836 /* Other Frameworks */,
			);
			name = Frameworks;
			sourceTree = "<group>";
		};
		8884947618063DDA00477836 /* Other Frameworks */ = {
			isa = PBXGroup;
			children = (
				8884947718063DDA00477836 /* AppKit.framework */,
				8884947818063DDA00477836 /* CoreData.framework */,
				8884947918063DDA00477836 /* Foundation.framework */,
			);
			name = "Other Frameworks";
			sourceTree = "<group>";
		};
		8884947A18063DDA00477836 /* Freezer */ = {
			isa = PBXGroup;
			children = (
				88FD30A7182B25A8004CFDD4 /* Freezer.h */,
				8884953718063F4000477836 /* FRZStore.h */,
				888495421806437D00477836 /* FRZStore+Private.h */,
				8884953818063F4000477836 /* FRZStore.m */,
				8884953A18063F4600477836 /* FRZDatabase.h */,
				888495401806410700477836 /* FRZDatabase+Private.h */,
				8884953B18063F4600477836 /* FRZDatabase.m */,
				8884953D18063F5300477836 /* FRZTransactor.h */,
				888495411806431400477836 /* FRZTransactor+Private.h */,
				8884953E18063F5300477836 /* FRZTransactor.m */,
				88C8BE9B18C5682900824884 /* FRZDeletedSentinel.h */,
				88C8BE9C18C5682900824884 /* FRZDeletedSentinel.m */,
				88B3F8EC182AE14B00C0415E /* FRZChange.h */,
				88B3F8EF182AE1B700C0415E /* FRZChange+Private.h */,
				88B3F8ED182AE14B00C0415E /* FRZChange.m */,
				88287C9E186E78CA0085B2D2 /* FRZQuery.h */,
				88287CB0186E79020085B2D2 /* FRZQuery+Private.h */,
				88287C9F186E78CA0085B2D2 /* FRZQuery.m */,
				889A58A718EE08F4001BD630 /* FRZIDLense.h */,
				889A58B318EE0C14001BD630 /* FRZIDLense+Private.h */,
				889A58A818EE08F4001BD630 /* FRZIDLense.m */,
				889A58AD18EE090D001BD630 /* FRZKeyLense.h */,
				889A58B418EE0C3F001BD630 /* FRZKeyLense+Private.h */,
				889A58AE18EE090D001BD630 /* FRZKeyLense.m */,
				88C1E61C18FB6E8600176387 /* FRZLense.h */,
				88C1E63518FB6EAB00176387 /* FRZLense+Private.h */,
				88C1E61D18FB6E8600176387 /* FRZLense.m */,
				8884947B18063DDA00477836 /* Supporting Files */,
			);
			path = Freezer;
			sourceTree = "<group>";
		};
		8884947B18063DDA00477836 /* Supporting Files */ = {
			isa = PBXGroup;
			children = (
				8884947C18063DDA00477836 /* Freezer-Info.plist */,
				8884947D18063DDA00477836 /* InfoPlist.strings */,
				8884948218063DDA00477836 /* Freezer-Prefix.pch */,
			);
			name = "Supporting Files";
			sourceTree = "<group>";
		};
		88AA796618DFC3E00042F610 /* Configurations */ = {
			isa = PBXGroup;
			children = (
				88AA796718DFC3E00042F610 /* Base */,
				88AA797118DFC3E00042F610 /* iOS */,
				88AA797518DFC3E00042F610 /* Mac OS X */,
				88AA797B18DFC3E00042F610 /* README.md */,
			);
			name = Configurations;
			path = External/ReactiveCocoa/external/xcconfigs;
			sourceTree = "<group>";
		};
		88AA796718DFC3E00042F610 /* Base */ = {
			isa = PBXGroup;
			children = (
				88AA796818DFC3E00042F610 /* Common.xcconfig */,
				88AA796918DFC3E00042F610 /* Configurations */,
				88AA796E18DFC3E00042F610 /* Targets */,
			);
			path = Base;
			sourceTree = "<group>";
		};
		88AA796918DFC3E00042F610 /* Configurations */ = {
			isa = PBXGroup;
			children = (
				88AA796A18DFC3E00042F610 /* Debug.xcconfig */,
				88AA796B18DFC3E00042F610 /* Profile.xcconfig */,
				88AA796C18DFC3E00042F610 /* Release.xcconfig */,
				88AA796D18DFC3E00042F610 /* Test.xcconfig */,
			);
			path = Configurations;
			sourceTree = "<group>";
		};
		88AA796E18DFC3E00042F610 /* Targets */ = {
			isa = PBXGroup;
			children = (
				88AA796F18DFC3E00042F610 /* Application.xcconfig */,
				88AA797018DFC3E00042F610 /* StaticLibrary.xcconfig */,
			);
			path = Targets;
			sourceTree = "<group>";
		};
		88AA797118DFC3E00042F610 /* iOS */ = {
			isa = PBXGroup;
			children = (
				88AA797218DFC3E00042F610 /* iOS-Application.xcconfig */,
				88AA797318DFC3E00042F610 /* iOS-Base.xcconfig */,
				88AA797418DFC3E00042F610 /* iOS-StaticLibrary.xcconfig */,
			);
			path = iOS;
			sourceTree = "<group>";
		};
		88AA797518DFC3E00042F610 /* Mac OS X */ = {
			isa = PBXGroup;
			children = (
				88AA797618DFC3E00042F610 /* Mac-Application.xcconfig */,
				88AA797718DFC3E00042F610 /* Mac-Base.xcconfig */,
				88AA797818DFC3E00042F610 /* Mac-DynamicLibrary.xcconfig */,
				88AA797918DFC3E00042F610 /* Mac-Framework.xcconfig */,
				88AA797A18DFC3E00042F610 /* Mac-StaticLibrary.xcconfig */,
			);
			path = "Mac OS X";
			sourceTree = "<group>";
		};
		88AA79EA18DFD2B30042F610 /* Products */ = {
			isa = PBXGroup;
			children = (
				88AA79F818DFD2B30042F610 /* libSpecta.a */,
				88AA79FA18DFD2B30042F610 /* libSpecta-iOS.a */,
				88AA79FC18DFD2B30042F610 /* SpectaTests.octest */,
				88AA79FE18DFD2B30042F610 /* Specta-iOSTests.octest */,
			);
			name = Products;
			sourceTree = "<group>";
		};
		88AA79FF18DFD2B30042F610 /* Products */ = {
			isa = PBXGroup;
			children = (
				88AA7A0618DFD2B30042F610 /* libExpecta.a */,
				88AA7A0818DFD2B30042F610 /* libExpecta-iOS.a */,
				88AA7A0A18DFD2B30042F610 /* ExpectaTests.octest */,
				88AA7A0C18DFD2B30042F610 /* Expecta-iOSTests.octest */,
			);
			name = Products;
			sourceTree = "<group>";
		};
		88FD30B4182B25A8004CFDD4 /* FreezerTests */ = {
			isa = PBXGroup;
			children = (
				88FD3108182B27DA004CFDD4 /* FRZStoreSpec.m */,
				88FD3112182B28BA004CFDD4 /* FRZDatabaseSpec.m */,
				88FD3115182B28CE004CFDD4 /* FRZTransactorSpec.m */,
				88AF6386187130B300EB5E29 /* FRZQuerySpec.m */,
				88FD30B5182B25A8004CFDD4 /* Supporting Files */,
			);
			path = FreezerTests;
			sourceTree = "<group>";
		};
		88FD30B5182B25A8004CFDD4 /* Supporting Files */ = {
			isa = PBXGroup;
			children = (
				88AA798C18DFC48D0042F610 /* Specta.xcodeproj */,
				88AA799B18DFC4900042F610 /* Expecta.xcodeproj */,
				88FD30B6182B25A8004CFDD4 /* FreezerTests-Info.plist */,
				88FD30B7182B25A8004CFDD4 /* InfoPlist.strings */,
				88FD3106182B2755004CFDD4 /* FreezerTests-Prefix.pch */,
			);
			name = "Supporting Files";
			sourceTree = "<group>";
		};
/* End PBXGroup section */

/* Begin PBXHeadersBuildPhase section */
		880D5A5518B998FE00A7AAA6 /* Headers */ = {
			isa = PBXHeadersBuildPhase;
			buildActionMask = 2147483647;
			files = (
				880D5B4F18B99E7400A7AAA6 /* FMDatabasePool.h in Headers */,
				880D5B5918B99E7400A7AAA6 /* FMResultSet.h in Headers */,
				880D5A9118B9997400A7AAA6 /* Freezer.h in Headers */,
				880D5A9218B9997400A7AAA6 /* FRZStore.h in Headers */,
				889A58AA18EE08F4001BD630 /* FRZIDLense.h in Headers */,
				889A58B018EE090D001BD630 /* FRZKeyLense.h in Headers */,
				880D5A9318B9997400A7AAA6 /* FRZDatabase.h in Headers */,
				88C1E61F18FB6E8600176387 /* FRZLense.h in Headers */,
				880D5B4B18B99E7400A7AAA6 /* FMDatabaseAdditions.h in Headers */,
				880D5A9418B9997400A7AAA6 /* FRZTransactor.h in Headers */,
				88C8BE9E18C5682900824884 /* FRZDeletedSentinel.h in Headers */,
				880D5A9618B9997400A7AAA6 /* FRZChange.h in Headers */,
				880D5B5318B99E7400A7AAA6 /* FMDatabaseQueue.h in Headers */,
				880D5B3D18B99E7400A7AAA6 /* FMDatabase+InMemoryOnDiskIO.h in Headers */,
				880D5A9718B9997400A7AAA6 /* FRZQuery.h in Headers */,
				880D5B4718B99E7400A7AAA6 /* FMDatabase.h in Headers */,
				880D5B4318B99E7400A7AAA6 /* fmdb_Prefix.pch in Headers */,
			);
			runOnlyForDeploymentPostprocessing = 0;
		};
		88FD309B182B25A8004CFDD4 /* Headers */ = {
			isa = PBXHeadersBuildPhase;
			buildActionMask = 2147483647;
			files = (
				880D5B4E18B99E7400A7AAA6 /* FMDatabasePool.h in Headers */,
				880D5B5818B99E7400A7AAA6 /* FMResultSet.h in Headers */,
				88FD30D8182B266F004CFDD4 /* Freezer.h in Headers */,
				88FD30D4182B2669004CFDD4 /* FRZStore.h in Headers */,
				889A58A918EE08F4001BD630 /* FRZIDLense.h in Headers */,
				889A58AF18EE090D001BD630 /* FRZKeyLense.h in Headers */,
				88FD30D5182B2669004CFDD4 /* FRZDatabase.h in Headers */,
				88C1E61E18FB6E8600176387 /* FRZLense.h in Headers */,
				880D5B4A18B99E7400A7AAA6 /* FMDatabaseAdditions.h in Headers */,
				88FD30D6182B2669004CFDD4 /* FRZTransactor.h in Headers */,
				88C8BE9D18C5682900824884 /* FRZDeletedSentinel.h in Headers */,
				88287CA0186E78CA0085B2D2 /* FRZQuery.h in Headers */,
				880D5B5218B99E7400A7AAA6 /* FMDatabaseQueue.h in Headers */,
				880D5B3C18B99E7400A7AAA6 /* FMDatabase+InMemoryOnDiskIO.h in Headers */,
				88FD30D7182B2669004CFDD4 /* FRZChange.h in Headers */,
				880D5B4618B99E7400A7AAA6 /* FMDatabase.h in Headers */,
				880D5B4218B99E7400A7AAA6 /* fmdb_Prefix.pch in Headers */,
			);
			runOnlyForDeploymentPostprocessing = 0;
		};
/* End PBXHeadersBuildPhase section */

/* Begin PBXNativeTarget section */
		880D5A5618B998FE00A7AAA6 /* Freezer-iOS */ = {
			isa = PBXNativeTarget;
			buildConfigurationList = 880D5A8518B998FE00A7AAA6 /* Build configuration list for PBXNativeTarget "Freezer-iOS" */;
			buildPhases = (
				880D5A5318B998FE00A7AAA6 /* Sources */,
				880D5A5418B998FE00A7AAA6 /* Frameworks */,
				880D5A5518B998FE00A7AAA6 /* Headers */,
			);
			buildRules = (
			);
			dependencies = (
				880D5AD818B99AE100A7AAA6 /* PBXTargetDependency */,
			);
			name = "Freezer-iOS";
			productName = "Freezer-iOS";
			productReference = 880D5A5718B998FE00A7AAA6 /* libFreezer.a */;
			productType = "com.apple.product-type.library.static";
		};
		88FD309D182B25A8004CFDD4 /* Freezer */ = {
			isa = PBXNativeTarget;
			buildConfigurationList = 88FD30BC182B25A9004CFDD4 /* Build configuration list for PBXNativeTarget "Freezer" */;
			buildPhases = (
				88FD3099182B25A8004CFDD4 /* Sources */,
				88FD309A182B25A8004CFDD4 /* Frameworks */,
				88FD309B182B25A8004CFDD4 /* Headers */,
				88FD309C182B25A8004CFDD4 /* Resources */,
			);
			buildRules = (
			);
			dependencies = (
				88FD30C8182B2611004CFDD4 /* PBXTargetDependency */,
			);
			name = Freezer;
			productName = Freezer;
			productReference = 88FD309E182B25A8004CFDD4 /* Freezer.framework */;
			productType = "com.apple.product-type.framework";
		};
		88FD30AD182B25A8004CFDD4 /* FreezerTests */ = {
			isa = PBXNativeTarget;
			buildConfigurationList = 88FD30BF182B25A9004CFDD4 /* Build configuration list for PBXNativeTarget "FreezerTests" */;
			buildPhases = (
				88FD30AA182B25A8004CFDD4 /* Sources */,
				88FD30AB182B25A8004CFDD4 /* Frameworks */,
				88FD30AC182B25A8004CFDD4 /* Resources */,
			);
			buildRules = (
			);
			dependencies = (
				88AA7A1018DFD2C00042F610 /* PBXTargetDependency */,
				88AA7A0E18DFD2BC0042F610 /* PBXTargetDependency */,
				88FD30B2182B25A8004CFDD4 /* PBXTargetDependency */,
			);
			name = FreezerTests;
			productName = FreezerTests;
			productReference = 88FD30AE182B25A8004CFDD4 /* FreezerTests.octest */;
			productType = "com.apple.product-type.bundle.unit-test";
		};
/* End PBXNativeTarget section */

/* Begin PBXProject section */
		8884946918063DDA00477836 /* Project object */ = {
			isa = PBXProject;
			attributes = {
				CLASSPREFIX = FRZ;
				LastUpgradeCheck = 0510;
				ORGANIZATIONNAME = "Josh Abernathy";
				TargetAttributes = {
					88FD30AD182B25A8004CFDD4 = {
						TestTargetID = 88FD309D182B25A8004CFDD4;
					};
				};
			};
			buildConfigurationList = 8884946C18063DDA00477836 /* Build configuration list for PBXProject "Freezer" */;
			compatibilityVersion = "Xcode 3.2";
			developmentRegion = English;
			hasScannedForEncodings = 0;
			knownRegions = (
				en,
				Base,
			);
			mainGroup = 8884946818063DDA00477836;
			productRefGroup = 8884947218063DDA00477836 /* Products */;
			projectDirPath = "";
			projectReferences = (
				{
					ProductGroup = 88AA79FF18DFD2B30042F610 /* Products */;
					ProjectRef = 88AA799B18DFC4900042F610 /* Expecta.xcodeproj */;
				},
				{
					ProductGroup = 880D5B2818B99E7400A7AAA6 /* Products */;
					ProjectRef = 880D5B2718B99E7400A7AAA6 /* fmdb.xcodeproj */;
				},
				{
					ProductGroup = 8859763918178AE500A8FC72 /* Products */;
					ProjectRef = 8859763818178AE500A8FC72 /* ReactiveCocoa.xcodeproj */;
				},
				{
					ProductGroup = 88AA79EA18DFD2B30042F610 /* Products */;
					ProjectRef = 88AA798C18DFC48D0042F610 /* Specta.xcodeproj */;
				},
			);
			projectRoot = "";
			targets = (
				88FD309D182B25A8004CFDD4 /* Freezer */,
				88FD30AD182B25A8004CFDD4 /* FreezerTests */,
				880D5A5618B998FE00A7AAA6 /* Freezer-iOS */,
			);
		};
/* End PBXProject section */

/* Begin PBXReferenceProxy section */
		880D5B5F18B99E7400A7AAA6 /* fmdb */ = {
			isa = PBXReferenceProxy;
			fileType = "compiled.mach-o.executable";
			path = fmdb;
			remoteRef = 880D5B5E18B99E7400A7AAA6 /* PBXContainerItemProxy */;
			sourceTree = BUILT_PRODUCTS_DIR;
		};
		880D5B6118B99E7400A7AAA6 /* libFMDB.a */ = {
			isa = PBXReferenceProxy;
			fileType = archive.ar;
			path = libFMDB.a;
			remoteRef = 880D5B6018B99E7400A7AAA6 /* PBXContainerItemProxy */;
			sourceTree = BUILT_PRODUCTS_DIR;
		};
		8859764C18178AE500A8FC72 /* ReactiveCocoa.framework */ = {
			isa = PBXReferenceProxy;
			fileType = wrapper.framework;
			path = ReactiveCocoa.framework;
			remoteRef = 8859764B18178AE500A8FC72 /* PBXContainerItemProxy */;
			sourceTree = BUILT_PRODUCTS_DIR;
		};
		8859764E18178AE500A8FC72 /* libReactiveCocoa-iOS.a */ = {
			isa = PBXReferenceProxy;
			fileType = archive.ar;
			path = "libReactiveCocoa-iOS.a";
			remoteRef = 8859764D18178AE500A8FC72 /* PBXContainerItemProxy */;
			sourceTree = BUILT_PRODUCTS_DIR;
		};
		8859765018178AE500A8FC72 /* ReactiveCocoaTests.octest */ = {
			isa = PBXReferenceProxy;
			fileType = wrapper.cfbundle;
			path = ReactiveCocoaTests.octest;
			remoteRef = 8859764F18178AE500A8FC72 /* PBXContainerItemProxy */;
			sourceTree = BUILT_PRODUCTS_DIR;
		};
		8859765218178AE500A8FC72 /* ReactiveCocoaTests-iOS.octest */ = {
			isa = PBXReferenceProxy;
			fileType = wrapper.cfbundle;
			path = "ReactiveCocoaTests-iOS.octest";
			remoteRef = 8859765118178AE500A8FC72 /* PBXContainerItemProxy */;
			sourceTree = BUILT_PRODUCTS_DIR;
		};
		8859765418178AE500A8FC72 /* ReactiveCocoa-iOS-UIKitTestHost.app */ = {
			isa = PBXReferenceProxy;
			fileType = wrapper.application;
			path = "ReactiveCocoa-iOS-UIKitTestHost.app";
			remoteRef = 8859765318178AE500A8FC72 /* PBXContainerItemProxy */;
			sourceTree = BUILT_PRODUCTS_DIR;
		};
		8859765618178AE500A8FC72 /* ReactiveCocoa-iOS-UIKitTestHostTests.octest */ = {
			isa = PBXReferenceProxy;
			fileType = wrapper.cfbundle;
			path = "ReactiveCocoa-iOS-UIKitTestHostTests.octest";
			remoteRef = 8859765518178AE500A8FC72 /* PBXContainerItemProxy */;
			sourceTree = BUILT_PRODUCTS_DIR;
		};
		8859765818178AE500A8FC72 /* libReactiveCocoa-Mac.a */ = {
			isa = PBXReferenceProxy;
			fileType = archive.ar;
			path = "libReactiveCocoa-Mac.a";
			remoteRef = 8859765718178AE500A8FC72 /* PBXContainerItemProxy */;
			sourceTree = BUILT_PRODUCTS_DIR;
		};
		88AA79F818DFD2B30042F610 /* libSpecta.a */ = {
			isa = PBXReferenceProxy;
			fileType = archive.ar;
			path = libSpecta.a;
			remoteRef = 88AA79F718DFD2B30042F610 /* PBXContainerItemProxy */;
			sourceTree = BUILT_PRODUCTS_DIR;
		};
		88AA79FA18DFD2B30042F610 /* libSpecta-iOS.a */ = {
			isa = PBXReferenceProxy;
			fileType = archive.ar;
			path = "libSpecta-iOS.a";
			remoteRef = 88AA79F918DFD2B30042F610 /* PBXContainerItemProxy */;
			sourceTree = BUILT_PRODUCTS_DIR;
		};
		88AA79FC18DFD2B30042F610 /* SpectaTests.octest */ = {
			isa = PBXReferenceProxy;
			fileType = wrapper.cfbundle;
			path = SpectaTests.octest;
			remoteRef = 88AA79FB18DFD2B30042F610 /* PBXContainerItemProxy */;
			sourceTree = BUILT_PRODUCTS_DIR;
		};
		88AA79FE18DFD2B30042F610 /* Specta-iOSTests.octest */ = {
			isa = PBXReferenceProxy;
			fileType = wrapper.cfbundle;
			path = "Specta-iOSTests.octest";
			remoteRef = 88AA79FD18DFD2B30042F610 /* PBXContainerItemProxy */;
			sourceTree = BUILT_PRODUCTS_DIR;
		};
		88AA7A0618DFD2B30042F610 /* libExpecta.a */ = {
			isa = PBXReferenceProxy;
			fileType = archive.ar;
			path = libExpecta.a;
			remoteRef = 88AA7A0518DFD2B30042F610 /* PBXContainerItemProxy */;
			sourceTree = BUILT_PRODUCTS_DIR;
		};
		88AA7A0818DFD2B30042F610 /* libExpecta-iOS.a */ = {
			isa = PBXReferenceProxy;
			fileType = archive.ar;
			path = "libExpecta-iOS.a";
			remoteRef = 88AA7A0718DFD2B30042F610 /* PBXContainerItemProxy */;
			sourceTree = BUILT_PRODUCTS_DIR;
		};
		88AA7A0A18DFD2B30042F610 /* ExpectaTests.octest */ = {
			isa = PBXReferenceProxy;
			fileType = wrapper.cfbundle;
			path = ExpectaTests.octest;
			remoteRef = 88AA7A0918DFD2B30042F610 /* PBXContainerItemProxy */;
			sourceTree = BUILT_PRODUCTS_DIR;
		};
		88AA7A0C18DFD2B30042F610 /* Expecta-iOSTests.octest */ = {
			isa = PBXReferenceProxy;
			fileType = wrapper.cfbundle;
			path = "Expecta-iOSTests.octest";
			remoteRef = 88AA7A0B18DFD2B30042F610 /* PBXContainerItemProxy */;
			sourceTree = BUILT_PRODUCTS_DIR;
		};
/* End PBXReferenceProxy section */

/* Begin PBXResourcesBuildPhase section */
		88FD309C182B25A8004CFDD4 /* Resources */ = {
			isa = PBXResourcesBuildPhase;
			buildActionMask = 2147483647;
			files = (
				880D5B4418B99E7400A7AAA6 /* LICENSE.txt in Resources */,
				880D5B4118B99E7400A7AAA6 /* fmdb.podspec in Resources */,
				880D5B3B18B99E7400A7AAA6 /* CONTRIBUTORS.txt in Resources */,
				880D5B3A18B99E7400A7AAA6 /* CHANGES_AND_TODO_LIST.txt in Resources */,
				88AA798B18DFC3E00042F610 /* README.md in Resources */,
				880D5B4518B99E7400A7AAA6 /* README.markdown in Resources */,
				880D5B4018B99E7400A7AAA6 /* fmdb.1 in Resources */,
				880D5B3918B99E7400A7AAA6 /* .gitignore in Resources */,
			);
			runOnlyForDeploymentPostprocessing = 0;
		};
		88FD30AC182B25A8004CFDD4 /* Resources */ = {
			isa = PBXResourcesBuildPhase;
			buildActionMask = 2147483647;
			files = (
				88FD30B9182B25A8004CFDD4 /* InfoPlist.strings in Resources */,
			);
			runOnlyForDeploymentPostprocessing = 0;
		};
/* End PBXResourcesBuildPhase section */

/* Begin PBXSourcesBuildPhase section */
		880D5A5318B998FE00A7AAA6 /* Sources */ = {
			isa = PBXSourcesBuildPhase;
			buildActionMask = 2147483647;
			files = (
				880D5A8718B9993000A7AAA6 /* FRZStore.m in Sources */,
				880D5A8818B9993000A7AAA6 /* FRZDatabase.m in Sources */,
				880D5A8918B9993000A7AAA6 /* FRZTransactor.m in Sources */,
				880D5B3F18B99E7400A7AAA6 /* FMDatabase+InMemoryOnDiskIO.m in Sources */,
				880D5B4D18B99E7400A7AAA6 /* FMDatabaseAdditions.m in Sources */,
				889A58AC18EE08F4001BD630 /* FRZIDLense.m in Sources */,
				880D5B5B18B99E7400A7AAA6 /* FMResultSet.m in Sources */,
				889A58B218EE090D001BD630 /* FRZKeyLense.m in Sources */,
				880D5A8B18B9993000A7AAA6 /* FRZChange.m in Sources */,
				880D5B5118B99E7400A7AAA6 /* FMDatabasePool.m in Sources */,
				880D5B5518B99E7400A7AAA6 /* FMDatabaseQueue.m in Sources */,
				880D5A8C18B9993000A7AAA6 /* FRZQuery.m in Sources */,
				88C8BEA018C5682900824884 /* FRZDeletedSentinel.m in Sources */,
				880D5B5718B99E7400A7AAA6 /* fmdb.m in Sources */,
				88C1E62118FB6E8600176387 /* FRZLense.m in Sources */,
				880D5B4918B99E7400A7AAA6 /* FMDatabase.m in Sources */,
			);
			runOnlyForDeploymentPostprocessing = 0;
		};
		88FD3099182B25A8004CFDD4 /* Sources */ = {
			isa = PBXSourcesBuildPhase;
			buildActionMask = 2147483647;
			files = (
				88FD30D0182B265C004CFDD4 /* FRZStore.m in Sources */,
				88287CA1186E78CA0085B2D2 /* FRZQuery.m in Sources */,
				880D5B3E18B99E7400A7AAA6 /* FMDatabase+InMemoryOnDiskIO.m in Sources */,
				88FD30D1182B265C004CFDD4 /* FRZDatabase.m in Sources */,
				880D5B4C18B99E7400A7AAA6 /* FMDatabaseAdditions.m in Sources */,
				889A58AB18EE08F4001BD630 /* FRZIDLense.m in Sources */,
				880D5B5A18B99E7400A7AAA6 /* FMResultSet.m in Sources */,
				889A58B118EE090D001BD630 /* FRZKeyLense.m in Sources */,
				88FD30D2182B265C004CFDD4 /* FRZTransactor.m in Sources */,
				880D5B5018B99E7400A7AAA6 /* FMDatabasePool.m in Sources */,
				880D5B5418B99E7400A7AAA6 /* FMDatabaseQueue.m in Sources */,
				88FD30D3182B265C004CFDD4 /* FRZChange.m in Sources */,
				88C8BE9F18C5682900824884 /* FRZDeletedSentinel.m in Sources */,
				880D5B5618B99E7400A7AAA6 /* fmdb.m in Sources */,
				88C1E62018FB6E8600176387 /* FRZLense.m in Sources */,
				880D5B4818B99E7400A7AAA6 /* FMDatabase.m in Sources */,
			);
			runOnlyForDeploymentPostprocessing = 0;
		};
		88FD30AA182B25A8004CFDD4 /* Sources */ = {
			isa = PBXSourcesBuildPhase;
			buildActionMask = 2147483647;
			files = (
				88AF6387187130B300EB5E29 /* FRZQuerySpec.m in Sources */,
				88FD3113182B28BA004CFDD4 /* FRZDatabaseSpec.m in Sources */,
				88FD3116182B28CE004CFDD4 /* FRZTransactorSpec.m in Sources */,
				88FD3109182B27DA004CFDD4 /* FRZStoreSpec.m in Sources */,
			);
			runOnlyForDeploymentPostprocessing = 0;
		};
/* End PBXSourcesBuildPhase section */

/* Begin PBXTargetDependency section */
		880D5AD818B99AE100A7AAA6 /* PBXTargetDependency */ = {
			isa = PBXTargetDependency;
			name = "ReactiveCocoa-iOS";
			targetProxy = 880D5AD718B99AE100A7AAA6 /* PBXContainerItemProxy */;
		};
		88AA7A0E18DFD2BC0042F610 /* PBXTargetDependency */ = {
			isa = PBXTargetDependency;
			name = Specta;
			targetProxy = 88AA7A0D18DFD2BC0042F610 /* PBXContainerItemProxy */;
		};
		88AA7A1018DFD2C00042F610 /* PBXTargetDependency */ = {
			isa = PBXTargetDependency;
			name = Expecta;
			targetProxy = 88AA7A0F18DFD2C00042F610 /* PBXContainerItemProxy */;
		};
		88FD30B2182B25A8004CFDD4 /* PBXTargetDependency */ = {
			isa = PBXTargetDependency;
			target = 88FD309D182B25A8004CFDD4 /* Freezer */;
			targetProxy = 88FD30B1182B25A8004CFDD4 /* PBXContainerItemProxy */;
		};
		88FD30C8182B2611004CFDD4 /* PBXTargetDependency */ = {
			isa = PBXTargetDependency;
			name = ReactiveCocoa;
			targetProxy = 88FD30C7182B2611004CFDD4 /* PBXContainerItemProxy */;
		};
/* End PBXTargetDependency section */

/* Begin PBXVariantGroup section */
		8884947D18063DDA00477836 /* InfoPlist.strings */ = {
			isa = PBXVariantGroup;
			children = (
				8884947E18063DDA00477836 /* en */,
			);
			name = InfoPlist.strings;
			sourceTree = "<group>";
		};
		88FD30B7182B25A8004CFDD4 /* InfoPlist.strings */ = {
			isa = PBXVariantGroup;
			children = (
				88FD30B8182B25A8004CFDD4 /* en */,
			);
			name = InfoPlist.strings;
			sourceTree = "<group>";
		};
/* End PBXVariantGroup section */

/* Begin XCBuildConfiguration section */
		880495171833FDD700D0646C /* Profile */ = {
			isa = XCBuildConfiguration;
			baseConfigurationReference = 88AA796B18DFC3E00042F610 /* Profile.xcconfig */;
			buildSettings = {
				ALWAYS_SEARCH_USER_PATHS = NO;
				CLANG_CXX_LANGUAGE_STANDARD = "gnu++0x";
				CLANG_CXX_LIBRARY = "libc++";
				CLANG_ENABLE_OBJC_ARC = YES;
				CLANG_WARN_BOOL_CONVERSION = YES;
				CLANG_WARN_CONSTANT_CONVERSION = YES;
				CLANG_WARN_DIRECT_OBJC_ISA_USAGE = YES_ERROR;
				CLANG_WARN_EMPTY_BODY = YES;
				CLANG_WARN_ENUM_CONVERSION = YES;
				CLANG_WARN_INT_CONVERSION = YES;
				CLANG_WARN_OBJC_ROOT_CLASS = YES_ERROR;
				CLANG_WARN__DUPLICATE_METHOD_MATCH = YES;
				COPY_PHASE_STRIP = YES;
				DEBUG_INFORMATION_FORMAT = "dwarf-with-dsym";
				ENABLE_NS_ASSERTIONS = NO;
				GCC_C_LANGUAGE_STANDARD = gnu99;
				GCC_ENABLE_OBJC_EXCEPTIONS = YES;
				GCC_WARN_64_TO_32_BIT_CONVERSION = YES;
				GCC_WARN_ABOUT_RETURN_TYPE = YES_ERROR;
				GCC_WARN_UNDECLARED_SELECTOR = YES;
				GCC_WARN_UNINITIALIZED_AUTOS = YES;
				GCC_WARN_UNUSED_FUNCTION = YES;
				GCC_WARN_UNUSED_VARIABLE = YES;
				MACOSX_DEPLOYMENT_TARGET = 10.7;
			};
			name = Profile;
		};
		880495181833FDD700D0646C /* Profile */ = {
			isa = XCBuildConfiguration;
			baseConfigurationReference = 88AA797918DFC3E00042F610 /* Mac-Framework.xcconfig */;
			buildSettings = {
				COMBINE_HIDPI_IMAGES = YES;
				DYLIB_COMPATIBILITY_VERSION = 1;
				DYLIB_CURRENT_VERSION = 1;
				FRAMEWORK_VERSION = A;
				GCC_PRECOMPILE_PREFIX_HEADER = YES;
				GCC_PREFIX_HEADER = "Freezer/Freezer-Prefix.pch";
				INFOPLIST_FILE = "Freezer/Freezer-Info.plist";
				PRODUCT_NAME = "$(TARGET_NAME)";
				WRAPPER_EXTENSION = framework;
			};
			name = Profile;
		};
		880495191833FDD700D0646C /* Profile */ = {
			isa = XCBuildConfiguration;
			baseConfigurationReference = 88AA797918DFC3E00042F610 /* Mac-Framework.xcconfig */;
			buildSettings = {
				BUNDLE_LOADER = "$(BUILT_PRODUCTS_DIR)/Freezer.framework/Versions/A/Freezer";
				COMBINE_HIDPI_IMAGES = YES;
				FRAMEWORK_SEARCH_PATHS = (
					"$(DEVELOPER_FRAMEWORKS_DIR)",
					"$(inherited)",
				);
				GCC_PRECOMPILE_PREFIX_HEADER = YES;
				GCC_PREFIX_HEADER = "FreezerTests/FreezerTests-Prefix.pch";
				HEADER_SEARCH_PATHS = (
					"$(inherited)",
					/Applications/Xcode5.0.app/Contents/Developer/Toolchains/XcodeDefault.xctoolchain/usr/include,
					External/ReactiveCocoa/external/specta/src,
					"External/ReactiveCocoa/external/expecta/src/**",
				);
				INFOPLIST_FILE = "FreezerTests/FreezerTests-Info.plist";
				OTHER_LDFLAGS = (
					"$(inherited)",
					"-framework",
					XCTest,
					"-all_load",
				);
				PRODUCT_NAME = "$(TARGET_NAME)";
				TEST_HOST = "$(BUNDLE_LOADER)";
				USER_HEADER_SEARCH_PATHS = "External/expecta/src/** External/specta/src";
				WRAPPER_EXTENSION = octest;
			};
			name = Profile;
		};
		880D5A7118B998FE00A7AAA6 /* Debug */ = {
			isa = XCBuildConfiguration;
			baseConfigurationReference = 88AA797418DFC3E00042F610 /* iOS-StaticLibrary.xcconfig */;
			buildSettings = {
				GCC_PRECOMPILE_PREFIX_HEADER = YES;
				GCC_PREFIX_HEADER = "Freezer/Freezer-Prefix.pch";
				GCC_PREPROCESSOR_DEFINITIONS = (
					"DEBUG=1",
					"$(inherited)",
				);
				MACOSX_DEPLOYMENT_TARGET = 10.9;
				PRODUCT_NAME = Freezer;
				SDKROOT = macosx;
			};
			name = Debug;
		};
		880D5A7218B998FE00A7AAA6 /* Release */ = {
			isa = XCBuildConfiguration;
			baseConfigurationReference = 88AA797418DFC3E00042F610 /* iOS-StaticLibrary.xcconfig */;
			buildSettings = {
				GCC_PRECOMPILE_PREFIX_HEADER = YES;
				GCC_PREFIX_HEADER = "Freezer/Freezer-Prefix.pch";
				MACOSX_DEPLOYMENT_TARGET = 10.9;
				PRODUCT_NAME = Freezer;
				SDKROOT = macosx;
			};
			name = Release;
		};
		880D5A7318B998FE00A7AAA6 /* Profile */ = {
			isa = XCBuildConfiguration;
			baseConfigurationReference = 88AA797418DFC3E00042F610 /* iOS-StaticLibrary.xcconfig */;
			buildSettings = {
				GCC_PRECOMPILE_PREFIX_HEADER = YES;
				GCC_PREFIX_HEADER = "Freezer/Freezer-Prefix.pch";
				MACOSX_DEPLOYMENT_TARGET = 10.9;
				PRODUCT_NAME = Freezer;
				SDKROOT = macosx;
			};
			name = Profile;
		};
		888494A018063DDA00477836 /* Debug */ = {
			isa = XCBuildConfiguration;
			baseConfigurationReference = 88AA796A18DFC3E00042F610 /* Debug.xcconfig */;
			buildSettings = {
				ALWAYS_SEARCH_USER_PATHS = NO;
				CLANG_CXX_LANGUAGE_STANDARD = "gnu++0x";
				CLANG_CXX_LIBRARY = "libc++";
				CLANG_ENABLE_OBJC_ARC = YES;
				CLANG_WARN_BOOL_CONVERSION = YES;
				CLANG_WARN_CONSTANT_CONVERSION = YES;
				CLANG_WARN_DIRECT_OBJC_ISA_USAGE = YES_ERROR;
				CLANG_WARN_EMPTY_BODY = YES;
				CLANG_WARN_ENUM_CONVERSION = YES;
				CLANG_WARN_INT_CONVERSION = YES;
				CLANG_WARN_OBJC_ROOT_CLASS = YES_ERROR;
				CLANG_WARN__DUPLICATE_METHOD_MATCH = YES;
				COPY_PHASE_STRIP = NO;
				GCC_C_LANGUAGE_STANDARD = gnu99;
				GCC_DYNAMIC_NO_PIC = NO;
				GCC_ENABLE_OBJC_EXCEPTIONS = YES;
				GCC_OPTIMIZATION_LEVEL = 0;
				GCC_PREPROCESSOR_DEFINITIONS = (
					"DEBUG=1",
					"$(inherited)",
				);
				GCC_SYMBOLS_PRIVATE_EXTERN = NO;
				GCC_WARN_64_TO_32_BIT_CONVERSION = YES;
				GCC_WARN_ABOUT_RETURN_TYPE = YES_ERROR;
				GCC_WARN_UNDECLARED_SELECTOR = YES;
				GCC_WARN_UNINITIALIZED_AUTOS = YES;
				GCC_WARN_UNUSED_FUNCTION = YES;
				GCC_WARN_UNUSED_VARIABLE = YES;
				MACOSX_DEPLOYMENT_TARGET = 10.7;
				ONLY_ACTIVE_ARCH = YES;
			};
			name = Debug;
		};
		888494A118063DDA00477836 /* Release */ = {
			isa = XCBuildConfiguration;
			baseConfigurationReference = 88AA796C18DFC3E00042F610 /* Release.xcconfig */;
			buildSettings = {
				ALWAYS_SEARCH_USER_PATHS = NO;
				CLANG_CXX_LANGUAGE_STANDARD = "gnu++0x";
				CLANG_CXX_LIBRARY = "libc++";
				CLANG_ENABLE_OBJC_ARC = YES;
				CLANG_WARN_BOOL_CONVERSION = YES;
				CLANG_WARN_CONSTANT_CONVERSION = YES;
				CLANG_WARN_DIRECT_OBJC_ISA_USAGE = YES_ERROR;
				CLANG_WARN_EMPTY_BODY = YES;
				CLANG_WARN_ENUM_CONVERSION = YES;
				CLANG_WARN_INT_CONVERSION = YES;
				CLANG_WARN_OBJC_ROOT_CLASS = YES_ERROR;
				CLANG_WARN__DUPLICATE_METHOD_MATCH = YES;
				COPY_PHASE_STRIP = YES;
				DEBUG_INFORMATION_FORMAT = "dwarf-with-dsym";
				ENABLE_NS_ASSERTIONS = NO;
				GCC_C_LANGUAGE_STANDARD = gnu99;
				GCC_ENABLE_OBJC_EXCEPTIONS = YES;
				GCC_WARN_64_TO_32_BIT_CONVERSION = YES;
				GCC_WARN_ABOUT_RETURN_TYPE = YES_ERROR;
				GCC_WARN_UNDECLARED_SELECTOR = YES;
				GCC_WARN_UNINITIALIZED_AUTOS = YES;
				GCC_WARN_UNUSED_FUNCTION = YES;
				GCC_WARN_UNUSED_VARIABLE = YES;
				MACOSX_DEPLOYMENT_TARGET = 10.7;
			};
			name = Release;
		};
		88FD30BD182B25A9004CFDD4 /* Debug */ = {
			isa = XCBuildConfiguration;
			baseConfigurationReference = 88AA797918DFC3E00042F610 /* Mac-Framework.xcconfig */;
			buildSettings = {
				COMBINE_HIDPI_IMAGES = YES;
				DYLIB_COMPATIBILITY_VERSION = 1;
				DYLIB_CURRENT_VERSION = 1;
				FRAMEWORK_VERSION = A;
				GCC_PRECOMPILE_PREFIX_HEADER = YES;
				GCC_PREFIX_HEADER = "Freezer/Freezer-Prefix.pch";
				GCC_PREPROCESSOR_DEFINITIONS = (
					"DEBUG=1",
					"$(inherited)",
				);
				INFOPLIST_FILE = "Freezer/Freezer-Info.plist";
				PRODUCT_NAME = "$(TARGET_NAME)";
				WRAPPER_EXTENSION = framework;
			};
			name = Debug;
		};
		88FD30BE182B25A9004CFDD4 /* Release */ = {
			isa = XCBuildConfiguration;
			baseConfigurationReference = 88AA797918DFC3E00042F610 /* Mac-Framework.xcconfig */;
			buildSettings = {
				COMBINE_HIDPI_IMAGES = YES;
				DYLIB_COMPATIBILITY_VERSION = 1;
				DYLIB_CURRENT_VERSION = 1;
				FRAMEWORK_VERSION = A;
				GCC_PRECOMPILE_PREFIX_HEADER = YES;
				GCC_PREFIX_HEADER = "Freezer/Freezer-Prefix.pch";
				INFOPLIST_FILE = "Freezer/Freezer-Info.plist";
				PRODUCT_NAME = "$(TARGET_NAME)";
				WRAPPER_EXTENSION = framework;
			};
			name = Release;
		};
		88FD30C0182B25A9004CFDD4 /* Debug */ = {
			isa = XCBuildConfiguration;
			baseConfigurationReference = 88AA797918DFC3E00042F610 /* Mac-Framework.xcconfig */;
			buildSettings = {
				BUNDLE_LOADER = "$(BUILT_PRODUCTS_DIR)/Freezer.framework/Versions/A/Freezer";
				COMBINE_HIDPI_IMAGES = YES;
				FRAMEWORK_SEARCH_PATHS = (
					"$(DEVELOPER_FRAMEWORKS_DIR)",
					"$(inherited)",
				);
				GCC_PRECOMPILE_PREFIX_HEADER = YES;
				GCC_PREFIX_HEADER = "FreezerTests/FreezerTests-Prefix.pch";
				GCC_PREPROCESSOR_DEFINITIONS = (
					"DEBUG=1",
					"$(inherited)",
				);
				HEADER_SEARCH_PATHS = (
					"$(inherited)",
					/Applications/Xcode5.0.app/Contents/Developer/Toolchains/XcodeDefault.xctoolchain/usr/include,
					External/ReactiveCocoa/external/specta/src,
					"External/ReactiveCocoa/external/expecta/src/**",
				);
				INFOPLIST_FILE = "FreezerTests/FreezerTests-Info.plist";
				OTHER_LDFLAGS = (
					"$(inherited)",
					"-framework",
					XCTest,
					"-all_load",
				);
				PRODUCT_NAME = "$(TARGET_NAME)";
				TEST_HOST = "$(BUNDLE_LOADER)";
				USER_HEADER_SEARCH_PATHS = "External/expecta/src/** External/specta/src";
				WRAPPER_EXTENSION = octest;
			};
			name = Debug;
		};
		88FD30C1182B25A9004CFDD4 /* Release */ = {
			isa = XCBuildConfiguration;
			baseConfigurationReference = 88AA797918DFC3E00042F610 /* Mac-Framework.xcconfig */;
			buildSettings = {
				BUNDLE_LOADER = "$(BUILT_PRODUCTS_DIR)/Freezer.framework/Versions/A/Freezer";
				COMBINE_HIDPI_IMAGES = YES;
				FRAMEWORK_SEARCH_PATHS = (
					"$(DEVELOPER_FRAMEWORKS_DIR)",
					"$(inherited)",
				);
				GCC_PRECOMPILE_PREFIX_HEADER = YES;
				GCC_PREFIX_HEADER = "FreezerTests/FreezerTests-Prefix.pch";
				HEADER_SEARCH_PATHS = (
					"$(inherited)",
					/Applications/Xcode5.0.app/Contents/Developer/Toolchains/XcodeDefault.xctoolchain/usr/include,
					External/ReactiveCocoa/external/specta/src,
					"External/ReactiveCocoa/external/expecta/src/**",
				);
				INFOPLIST_FILE = "FreezerTests/FreezerTests-Info.plist";
				OTHER_LDFLAGS = (
					"$(inherited)",
					"-framework",
					XCTest,
					"-all_load",
				);
				PRODUCT_NAME = "$(TARGET_NAME)";
				TEST_HOST = "$(BUNDLE_LOADER)";
				USER_HEADER_SEARCH_PATHS = "External/expecta/src/** External/specta/src";
				WRAPPER_EXTENSION = octest;
			};
			name = Release;
		};
/* End XCBuildConfiguration section */

/* Begin XCConfigurationList section */
		880D5A8518B998FE00A7AAA6 /* Build configuration list for PBXNativeTarget "Freezer-iOS" */ = {
			isa = XCConfigurationList;
			buildConfigurations = (
				880D5A7118B998FE00A7AAA6 /* Debug */,
				880D5A7218B998FE00A7AAA6 /* Release */,
				880D5A7318B998FE00A7AAA6 /* Profile */,
			);
			defaultConfigurationIsVisible = 0;
			defaultConfigurationName = Release;
		};
		8884946C18063DDA00477836 /* Build configuration list for PBXProject "Freezer" */ = {
			isa = XCConfigurationList;
			buildConfigurations = (
				888494A018063DDA00477836 /* Debug */,
				888494A118063DDA00477836 /* Release */,
				880495171833FDD700D0646C /* Profile */,
			);
			defaultConfigurationIsVisible = 0;
			defaultConfigurationName = Release;
		};
		88FD30BC182B25A9004CFDD4 /* Build configuration list for PBXNativeTarget "Freezer" */ = {
			isa = XCConfigurationList;
			buildConfigurations = (
				88FD30BD182B25A9004CFDD4 /* Debug */,
				88FD30BE182B25A9004CFDD4 /* Release */,
				880495181833FDD700D0646C /* Profile */,
			);
			defaultConfigurationIsVisible = 0;
			defaultConfigurationName = Release;
		};
		88FD30BF182B25A9004CFDD4 /* Build configuration list for PBXNativeTarget "FreezerTests" */ = {
			isa = XCConfigurationList;
			buildConfigurations = (
				88FD30C0182B25A9004CFDD4 /* Debug */,
				88FD30C1182B25A9004CFDD4 /* Release */,
				880495191833FDD700D0646C /* Profile */,
			);
			defaultConfigurationIsVisible = 0;
			defaultConfigurationName = Release;
		};
/* End XCConfigurationList section */
	};
	rootObject = 8884946918063DDA00477836 /* Project object */;
}
